<?xml version="1.0" encoding="UTF-8"?>
<!DOCTYPE plist PUBLIC "-//Apple//DTD PLIST 1.0//EN" "http://www.apple.com/DTDs/PropertyList-1.0.dtd">
<plist version="1.0">
<dict>
	<key>archiveVersion</key>
	<string>1</string>
	<key>classes</key>
	<dict/>
	<key>objectVersion</key>
	<string>46</string>
	<key>objects</key>
	<dict>
		<key>03899C40EE6BDF00F0B5C25A01E0753A</key>
		<dict>
			<key>includeInIndex</key>
			<string>1</string>
			<key>isa</key>
			<string>PBXFileReference</string>
			<key>lastKnownFileType</key>
			<string>sourcecode.c.objc</string>
			<key>name</key>
			<string>AFSecurityPolicy.m</string>
			<key>path</key>
			<string>AFNetworking/AFSecurityPolicy.m</string>
			<key>sourceTree</key>
			<string>&lt;group&gt;</string>
		</dict>
		<key>05CD4A0DBAC072CE319C82D447F7EFEC</key>
		<dict>
			<key>includeInIndex</key>
			<string>1</string>
			<key>isa</key>
			<string>PBXFileReference</string>
			<key>lastKnownFileType</key>
			<string>sourcecode.c.objc</string>
			<key>name</key>
			<string>UIButton+AFNetworking.m</string>
			<key>path</key>
			<string>UIKit+AFNetworking/UIButton+AFNetworking.m</string>
			<key>sourceTree</key>
			<string>&lt;group&gt;</string>
		</dict>
		<key>07B3FB3FB4E3F851183FBF8400648255</key>
		<dict>
			<key>includeInIndex</key>
			<string>1</string>
			<key>isa</key>
			<string>PBXFileReference</string>
			<key>lastKnownFileType</key>
			<string>sourcecode.c.objc</string>
			<key>name</key>
			<string>AFNetworkReachabilityManager.m</string>
			<key>path</key>
			<string>AFNetworking/AFNetworkReachabilityManager.m</string>
			<key>sourceTree</key>
			<string>&lt;group&gt;</string>
		</dict>
		<key>0909A3B3760FA404652A66A20E37629B</key>
		<dict>
			<key>includeInIndex</key>
			<string>1</string>
			<key>isa</key>
			<string>PBXFileReference</string>
			<key>lastKnownFileType</key>
			<string>sourcecode.c.h</string>
			<key>name</key>
			<string>AFURLResponseSerialization.h</string>
			<key>path</key>
			<string>AFNetworking/AFURLResponseSerialization.h</string>
			<key>sourceTree</key>
			<string>&lt;group&gt;</string>
		</dict>
		<key>0AA343B4DF2CE52668A4A1D676EDB658</key>
		<dict>
			<key>includeInIndex</key>
			<string>1</string>
			<key>isa</key>
			<string>PBXFileReference</string>
			<key>lastKnownFileType</key>
			<string>text.xcconfig</string>
			<key>path</key>
			<string>Pods-FordhamMuseum.release.xcconfig</string>
			<key>sourceTree</key>
			<string>&lt;group&gt;</string>
		</dict>
		<key>0C35465D3FDAEA27E0774A8F24390C51</key>
		<dict>
			<key>includeInIndex</key>
			<string>1</string>
			<key>isa</key>
			<string>PBXFileReference</string>
			<key>lastKnownFileType</key>
			<string>text.script.sh</string>
			<key>path</key>
			<string>Pods-FordhamMuseum-resources.sh</string>
			<key>sourceTree</key>
			<string>&lt;group&gt;</string>
		</dict>
		<key>11A010BAC2A38E09F2BC97C62DEF66CF</key>
		<dict>
			<key>fileRef</key>
			<string>D5E75F3372A055B3EE897EBBC3BA0F88</string>
			<key>isa</key>
			<string>PBXBuildFile</string>
		</dict>
		<key>11B305C75133C79E5DD4A3E32C618F56</key>
		<dict>
			<key>children</key>
			<array>
				<string>3C60920762D5794A2B9A060AAECEE2B3</string>
			</array>
			<key>isa</key>
			<string>PBXGroup</string>
			<key>name</key>
			<string>Fabric</string>
			<key>path</key>
			<string>Fabric</string>
			<key>sourceTree</key>
			<string>&lt;group&gt;</string>
		</dict>
		<key>1236CC3CEB265E704F090E97CE78974B</key>
		<dict>
			<key>children</key>
			<array>
				<string>8401C7096270A1E7078D7007BDC08448</string>
			</array>
			<key>isa</key>
			<string>PBXGroup</string>
			<key>name</key>
			<string>TwitterCore</string>
			<key>path</key>
			<string>TwitterCore</string>
			<key>sourceTree</key>
			<string>&lt;group&gt;</string>
		</dict>
		<key>141F95123BA828577A3FDE071ECA7D50</key>
		<dict>
			<key>includeInIndex</key>
			<string>1</string>
			<key>isa</key>
			<string>PBXFileReference</string>
			<key>lastKnownFileType</key>
			<string>sourcecode.c.h</string>
			<key>path</key>
			<string>AFNetworking-prefix.pch</string>
			<key>sourceTree</key>
			<string>&lt;group&gt;</string>
		</dict>
		<key>1480F4923DBBF217F60572EEECB4027C</key>
		<dict>
			<key>fileRef</key>
			<string>5820F1E5F2323EB636C2C5E59A7EC811</string>
			<key>isa</key>
			<string>PBXBuildFile</string>
			<key>settings</key>
			<dict>
				<key>ATTRIBUTES</key>
				<array>
					<string>Public</string>
				</array>
			</dict>
		</dict>
		<key>174202BD6AE0E4A41F5CE66E975EAE52</key>
		<dict>
			<key>fileRef</key>
			<string>E632548731AB11F497EA0B533D86EC76</string>
			<key>isa</key>
			<string>PBXBuildFile</string>
		</dict>
		<key>1AED86FFA1CE9B60D7F1BDD0A8F45186</key>
		<dict>
			<key>children</key>
			<array>
				<string>5EDFE60AFE02E2A3F660FF334ACDF715</string>
			</array>
			<key>isa</key>
			<string>PBXGroup</string>
			<key>name</key>
			<string>Targets Support Files</string>
			<key>sourceTree</key>
			<string>&lt;group&gt;</string>
		</dict>
		<key>1B217544F108CAB9E3172FDB18101CF7</key>
		<dict>
			<key>includeInIndex</key>
			<string>1</string>
			<key>isa</key>
			<string>PBXFileReference</string>
			<key>lastKnownFileType</key>
			<string>text.script.sh</string>
			<key>path</key>
			<string>Pods-FordhamMuseum-frameworks.sh</string>
			<key>sourceTree</key>
			<string>&lt;group&gt;</string>
		</dict>
		<key>1C3436CEA5C3D39764C5F54374794ECB</key>
		<dict>
			<key>buildConfigurationList</key>
			<string>57800A0D1724774333EF09E83030AA81</string>
			<key>buildPhases</key>
			<array>
				<string>1F17F426378DF5EC8DFB10304B8C4BA4</string>
				<string>C151364F15F39F7CC60CBF9A3AB49B44</string>
				<string>7C6A0D99A9CC32A19A92A62F8A941139</string>
			</array>
			<key>buildRules</key>
			<array/>
			<key>dependencies</key>
			<array/>
			<key>isa</key>
			<string>PBXNativeTarget</string>
			<key>name</key>
			<string>AFNetworking</string>
			<key>productName</key>
			<string>AFNetworking</string>
			<key>productReference</key>
			<string>7E18060D422BBD07C08069F451DF9962</string>
			<key>productType</key>
			<string>com.apple.product-type.framework</string>
		</dict>
		<key>1CF0816EC39D266244E55322BDC44691</key>
		<dict>
			<key>includeInIndex</key>
			<string>1</string>
			<key>isa</key>
			<string>PBXFileReference</string>
			<key>lastKnownFileType</key>
			<string>sourcecode.c.h</string>
			<key>path</key>
			<string>BDBOAuth1Manager-umbrella.h</string>
			<key>sourceTree</key>
			<string>&lt;group&gt;</string>
		</dict>
		<key>1D32E7B9ABA740282B5FD357A2FBE1B7</key>
		<dict>
			<key>includeInIndex</key>
			<string>1</string>
			<key>isa</key>
			<string>PBXFileReference</string>
			<key>lastKnownFileType</key>
			<string>sourcecode.c.objc</string>
			<key>name</key>
			<string>UIImageView+AFNetworking.m</string>
			<key>path</key>
			<string>UIKit+AFNetworking/UIImageView+AFNetworking.m</string>
			<key>sourceTree</key>
			<string>&lt;group&gt;</string>
		</dict>
		<key>1DE5F6E2155E6D6A03A95898A65E8701</key>
		<dict>
			<key>isa</key>
			<string>PBXFileReference</string>
			<key>lastKnownFileType</key>
			<string>wrapper.framework</string>
			<key>name</key>
			<string>Security.framework</string>
			<key>path</key>
			<string>Platforms/iPhoneOS.platform/Developer/SDKs/iPhoneOS9.0.sdk/System/Library/Frameworks/Security.framework</string>
			<key>sourceTree</key>
			<string>DEVELOPER_DIR</string>
		</dict>
		<key>1E5B8F12ED7CC40ECDB9B1F755F387E5</key>
		<dict>
			<key>fileRef</key>
			<string>F0FA3F54600DAA80BD03243A058DCCF2</string>
			<key>isa</key>
			<string>PBXBuildFile</string>
			<key>settings</key>
			<dict>
				<key>ATTRIBUTES</key>
				<array>
					<string>Public</string>
				</array>
			</dict>
		</dict>
		<key>1E9F524E65C730C1891394F18A683F7F</key>
		<dict>
			<key>buildConfigurations</key>
			<array>
				<string>CA57A501C9F2A07F26787872CAC799A9</string>
				<string>9286B5FF03D5DA2D2269C1DA98DC1B36</string>
			</array>
			<key>defaultConfigurationIsVisible</key>
			<string>0</string>
			<key>defaultConfigurationName</key>
			<string>Release</string>
			<key>isa</key>
			<string>XCConfigurationList</string>
		</dict>
		<key>1F17F426378DF5EC8DFB10304B8C4BA4</key>
		<dict>
			<key>buildActionMask</key>
			<string>2147483647</string>
			<key>files</key>
			<array>
				<string>3F1BC9BAFFEEABB1ABC7614DF0FC97D5</string>
				<string>E0D4045AC4C1B41917FCA23A042D18B2</string>
				<string>CFA8D6B529A0EBFF0316F2629AB2556E</string>
				<string>A6C6019D45BE62C61210A9CC619368EF</string>
				<string>3D2789FC760A97301909F0B1201626CD</string>
				<string>68A38977EBAE334DC3C22386D00D2622</string>
				<string>20607BE2B1E5F31765026E5AC64DB27D</string>
				<string>DFFA215EEAA8DDBD540076927535275C</string>
				<string>B5852322ADE88AAD56EE042B80BA81E4</string>
				<string>707B1A7541C8DBDDE8C27896A61370BE</string>
				<string>6ED4ABEE8A5F51F5ECB59FA1781D29C6</string>
				<string>AF03C11A1FAC8132AD3749D8F541701A</string>
				<string>2E8A32ED46194EDBE22146271F6D26DE</string>
				<string>5FF6453E55785669885F626B853FD2AA</string>
				<string>174202BD6AE0E4A41F5CE66E975EAE52</string>
				<string>A462945883F7729B185B64B679A6BFBE</string>
			</array>
			<key>isa</key>
			<string>PBXSourcesBuildPhase</string>
			<key>runOnlyForDeploymentPostprocessing</key>
			<string>0</string>
		</dict>
		<key>1FC2AC63999E9353C991CE7AFFCE0B93</key>
		<dict>
			<key>includeInIndex</key>
			<string>1</string>
			<key>isa</key>
			<string>PBXFileReference</string>
			<key>lastKnownFileType</key>
			<string>sourcecode.c.h</string>
			<key>name</key>
			<string>UIKit+AFNetworking.h</string>
			<key>path</key>
			<string>UIKit+AFNetworking/UIKit+AFNetworking.h</string>
			<key>sourceTree</key>
			<string>&lt;group&gt;</string>
		</dict>
		<key>20607BE2B1E5F31765026E5AC64DB27D</key>
		<dict>
			<key>fileRef</key>
			<string>03899C40EE6BDF00F0B5C25A01E0753A</string>
			<key>isa</key>
			<string>PBXBuildFile</string>
		</dict>
		<key>20EE8030FCF2402DAC7F1C9B9DDAEF79</key>
		<dict>
			<key>fileRef</key>
			<string>3841C76BB66E296E32E6E39F147F51C8</string>
			<key>isa</key>
			<string>PBXBuildFile</string>
			<key>settings</key>
			<dict>
				<key>ATTRIBUTES</key>
				<array>
					<string>Public</string>
				</array>
			</dict>
		</dict>
		<key>2335464540785045640B9DA93AB28ED2</key>
		<dict>
			<key>isa</key>
			<string>PBXFileReference</string>
			<key>lastKnownFileType</key>
			<string>wrapper.framework</string>
			<key>name</key>
			<string>TwitterCore.framework</string>
			<key>path</key>
			<string>iOS/TwitterCore.framework</string>
			<key>sourceTree</key>
			<string>&lt;group&gt;</string>
		</dict>
		<key>252707D06D3743191D1AF9D1F77E05B8</key>
		<dict>
			<key>includeInIndex</key>
			<string>1</string>
			<key>isa</key>
			<string>PBXFileReference</string>
			<key>lastKnownFileType</key>
			<string>sourcecode.c.h</string>
			<key>name</key>
			<string>UIImageView+AFNetworking.h</string>
			<key>path</key>
			<string>UIKit+AFNetworking/UIImageView+AFNetworking.h</string>
			<key>sourceTree</key>
			<string>&lt;group&gt;</string>
		</dict>
		<key>2896BF2A4C990E8A22FEF9911FC15A4F</key>
		<dict>
			<key>includeInIndex</key>
			<string>1</string>
			<key>isa</key>
			<string>PBXFileReference</string>
			<key>lastKnownFileType</key>
			<string>sourcecode.c.objc</string>
			<key>name</key>
			<string>AFNetworkActivityIndicatorManager.m</string>
			<key>path</key>
			<string>UIKit+AFNetworking/AFNetworkActivityIndicatorManager.m</string>
			<key>sourceTree</key>
			<string>&lt;group&gt;</string>
		</dict>
		<key>289EF5ECBCC7001F5C21C79E2FF0E40D</key>
		<dict>
			<key>includeInIndex</key>
			<string>1</string>
			<key>isa</key>
			<string>PBXFileReference</string>
			<key>lastKnownFileType</key>
			<string>sourcecode.c.h</string>
			<key>name</key>
			<string>AFSecurityPolicy.h</string>
			<key>path</key>
			<string>AFNetworking/AFSecurityPolicy.h</string>
			<key>sourceTree</key>
			<string>&lt;group&gt;</string>
		</dict>
		<key>29046E928077C9114EE5E1EF10186C3A</key>
		<dict>
			<key>isa</key>
			<string>PBXTargetDependency</string>
			<key>name</key>
			<string>AFNetworking</string>
			<key>target</key>
			<string>1C3436CEA5C3D39764C5F54374794ECB</string>
			<key>targetProxy</key>
			<string>FDE8D78C2583926B942BEF1C90A6F795</string>
		</dict>
		<key>293FF60473C7750AA557DAA027F40FC1</key>
		<dict>
			<key>includeInIndex</key>
			<string>1</string>
			<key>isa</key>
			<string>PBXFileReference</string>
			<key>lastKnownFileType</key>
			<string>sourcecode.c.objc</string>
			<key>path</key>
			<string>BDBOAuth1Manager-dummy.m</string>
			<key>sourceTree</key>
			<string>&lt;group&gt;</string>
		</dict>
		<key>2B31A0E1284A60346E8660F781AA2343</key>
		<dict>
			<key>buildActionMask</key>
			<string>2147483647</string>
			<key>files</key>
			<array>
				<string>40490EDFC14C43511B04991FCCE1FB66</string>
				<string>D004733D66FFB8BA426C1F55F077BF80</string>
				<string>47DFB27DF6858F39456E1716B780AEA6</string>
				<string>A2F6D8BABD5F73168E187EC4F5585F68</string>
				<string>365AD6C6E0C928334C299CAAB70A62B2</string>
			</array>
			<key>isa</key>
			<string>PBXHeadersBuildPhase</string>
			<key>runOnlyForDeploymentPostprocessing</key>
			<string>0</string>
		</dict>
		<key>2D8E8EC45A3A1A1D94AE762CB5028504</key>
		<dict>
			<key>buildConfigurations</key>
			<array>
				<string>8D1534490D941DCA47C62AC4314182AF</string>
				<string>C5A18280E9321A9268D1C80B7DA43967</string>
			</array>
			<key>defaultConfigurationIsVisible</key>
			<string>0</string>
			<key>defaultConfigurationName</key>
			<string>Release</string>
			<key>isa</key>
			<string>XCConfigurationList</string>
		</dict>
		<key>2E015F44B88617ECFAB93B4BEE57A6EA</key>
		<dict>
			<key>includeInIndex</key>
			<string>1</string>
			<key>isa</key>
			<string>PBXFileReference</string>
			<key>lastKnownFileType</key>
			<string>sourcecode.c.h</string>
			<key>name</key>
			<string>NSDictionary+BDBOAuth1Manager.h</string>
			<key>path</key>
			<string>BDBOAuth1Manager/Categories/NSDictionary+BDBOAuth1Manager.h</string>
			<key>sourceTree</key>
			<string>&lt;group&gt;</string>
		</dict>
		<key>2E467F921899DE6E634C6EC0F8977A7E</key>
		<dict>
			<key>includeInIndex</key>
			<string>1</string>
			<key>isa</key>
			<string>PBXFileReference</string>
			<key>lastKnownFileType</key>
			<string>sourcecode.c.objc</string>
			<key>name</key>
			<string>NSString+BDBOAuth1Manager.m</string>
			<key>path</key>
			<string>BDBOAuth1Manager/Categories/NSString+BDBOAuth1Manager.m</string>
			<key>sourceTree</key>
			<string>&lt;group&gt;</string>
		</dict>
		<key>2E8A32ED46194EDBE22146271F6D26DE</key>
		<dict>
			<key>fileRef</key>
			<string>1D32E7B9ABA740282B5FD357A2FBE1B7</string>
			<key>isa</key>
			<string>PBXBuildFile</string>
		</dict>
		<key>2F353637CE7B3F2F6CBE2BC86532F0BF</key>
		<dict>
			<key>includeInIndex</key>
			<string>1</string>
			<key>isa</key>
			<string>PBXFileReference</string>
			<key>path</key>
			<string>AFNetworking.modulemap</string>
			<key>sourceTree</key>
			<string>&lt;group&gt;</string>
		</dict>
		<key>3068E16673B30FD58119F7A8B43AC687</key>
		<dict>
			<key>children</key>
			<array>
				<string>7BBB6CD6B94B611AD1F8ABD97414D7B3</string>
				<string>AEE1E97073EE002D6DD039421FC59FDF</string>
				<string>293FF60473C7750AA557DAA027F40FC1</string>
				<string>3F4D10933D8FAAECBBCDC8D3788AC0B6</string>
				<string>1CF0816EC39D266244E55322BDC44691</string>
				<string>862A9B6988A7E265930B8C9368256FED</string>
			</array>
			<key>isa</key>
			<string>PBXGroup</string>
			<key>name</key>
			<string>Support Files</string>
			<key>path</key>
			<string>../Target Support Files/BDBOAuth1Manager</string>
			<key>sourceTree</key>
			<string>&lt;group&gt;</string>
		</dict>
		<key>365AD6C6E0C928334C299CAAB70A62B2</key>
		<dict>
			<key>fileRef</key>
			<string>6099C9A43F1298FEE065F3090E755C26</string>
			<key>isa</key>
			<string>PBXBuildFile</string>
			<key>settings</key>
			<dict>
				<key>ATTRIBUTES</key>
				<array>
					<string>Public</string>
				</array>
			</dict>
		</dict>
		<key>382EE8DDDD456C0F3E9353F9286D2864</key>
		<dict>
			<key>baseConfigurationReference</key>
			<string>5C858925FD97C370E41C7DCC43110B54</string>
			<key>buildSettings</key>
			<dict>
				<key>CODE_SIGN_IDENTITY[sdk=iphoneos*]</key>
				<string>iPhone Developer</string>
				<key>CURRENT_PROJECT_VERSION</key>
				<string>1</string>
				<key>DEFINES_MODULE</key>
				<string>YES</string>
				<key>DYLIB_COMPATIBILITY_VERSION</key>
				<string>1</string>
				<key>DYLIB_CURRENT_VERSION</key>
				<string>1</string>
				<key>DYLIB_INSTALL_NAME_BASE</key>
				<string>@rpath</string>
				<key>ENABLE_STRICT_OBJC_MSGSEND</key>
				<string>YES</string>
				<key>GCC_PREFIX_HEADER</key>
				<string>Target Support Files/AFNetworking/AFNetworking-prefix.pch</string>
				<key>INFOPLIST_FILE</key>
				<string>Target Support Files/AFNetworking/Info.plist</string>
				<key>INSTALL_PATH</key>
				<string>$(LOCAL_LIBRARY_DIR)/Frameworks</string>
				<key>IPHONEOS_DEPLOYMENT_TARGET</key>
				<string>9.2</string>
				<key>LD_RUNPATH_SEARCH_PATHS</key>
				<array>
					<string>$(inherited)</string>
					<string>@executable_path/Frameworks</string>
					<string>@loader_path/Frameworks</string>
				</array>
				<key>MODULEMAP_FILE</key>
				<string>Target Support Files/AFNetworking/AFNetworking.modulemap</string>
				<key>MTL_ENABLE_DEBUG_INFO</key>
				<string>NO</string>
				<key>PRODUCT_NAME</key>
				<string>AFNetworking</string>
				<key>SDKROOT</key>
				<string>iphoneos</string>
				<key>SKIP_INSTALL</key>
				<string>YES</string>
				<key>TARGETED_DEVICE_FAMILY</key>
				<string>1,2</string>
				<key>VERSIONING_SYSTEM</key>
				<string>apple-generic</string>
				<key>VERSION_INFO_PREFIX</key>
				<string></string>
			</dict>
			<key>isa</key>
			<string>XCBuildConfiguration</string>
			<key>name</key>
			<string>Release</string>
		</dict>
		<key>3841C76BB66E296E32E6E39F147F51C8</key>
		<dict>
			<key>includeInIndex</key>
			<string>1</string>
			<key>isa</key>
			<string>PBXFileReference</string>
			<key>lastKnownFileType</key>
			<string>sourcecode.c.h</string>
			<key>name</key>
			<string>AFURLRequestSerialization.h</string>
			<key>path</key>
			<string>AFNetworking/AFURLRequestSerialization.h</string>
			<key>sourceTree</key>
			<string>&lt;group&gt;</string>
		</dict>
		<key>3A10EF6ABF51D1D00B06AC5EF3A8C28C</key>
		<dict>
			<key>fileRef</key>
			<string>9BFB376F56AA6C68DE7319C8E4C53130</string>
			<key>isa</key>
			<string>PBXBuildFile</string>
		</dict>
		<key>3C60920762D5794A2B9A060AAECEE2B3</key>
		<dict>
			<key>children</key>
			<array>
				<string>ADCAADC1FBDF7F5655F8B49E9D0713FA</string>
			</array>
			<key>isa</key>
			<string>PBXGroup</string>
			<key>name</key>
			<string>Frameworks</string>
			<key>sourceTree</key>
			<string>&lt;group&gt;</string>
		</dict>
		<key>3C90957A3D284D903B029D9FAFB8778F</key>
		<dict>
			<key>children</key>
			<array>
				<string>7AFBBF51D71219C5735686F7908DFDF7</string>
				<string>FDEEC6002098F644A61A84D51C7AFBE4</string>
				<string>FA00F5ADD6C2F685A52988164E9D7FC7</string>
				<string>99EB969AC15705E41280F4901CA4BF45</string>
				<string>5820F1E5F2323EB636C2C5E59A7EC811</string>
				<string>2896BF2A4C990E8A22FEF9911FC15A4F</string>
				<string>F0FA3F54600DAA80BD03243A058DCCF2</string>
				<string>5AB8C1EC1C3EB5A9368597CB2B663637</string>
				<string>3EB6EA8873FF4DCEA9B9F9F3B925CA8B</string>
				<string>05CD4A0DBAC072CE319C82D447F7EFEC</string>
				<string>CB066435F9D153C95E63762C465E745D</string>
				<string>252707D06D3743191D1AF9D1F77E05B8</string>
				<string>1D32E7B9ABA740282B5FD357A2FBE1B7</string>
				<string>1FC2AC63999E9353C991CE7AFFCE0B93</string>
				<string>ECD2B7C018B9FF6978C8BF9D0E446B6A</string>
				<string>BFEDB68F354913C4E77D54F34180D37B</string>
				<string>71366D4703DE4C62491941A8FCEB88EE</string>
				<string>E632548731AB11F497EA0B533D86EC76</string>
				<string>6DE292E45C7F019399CE31A3667E8810</string>
				<string>40551ACCB8777E5ABE981A0105BAAB4F</string>
			</array>
			<key>isa</key>
			<string>PBXGroup</string>
			<key>name</key>
			<string>UIKit</string>
			<key>sourceTree</key>
			<string>&lt;group&gt;</string>
		</dict>
		<key>3D2789FC760A97301909F0B1201626CD</key>
		<dict>
			<key>fileRef</key>
			<string>824F7616CF54E6BDDFD66BE3B80E418B</string>
			<key>isa</key>
			<string>PBXBuildFile</string>
		</dict>
		<key>3EB6EA8873FF4DCEA9B9F9F3B925CA8B</key>
		<dict>
			<key>includeInIndex</key>
			<string>1</string>
			<key>isa</key>
			<string>PBXFileReference</string>
			<key>lastKnownFileType</key>
			<string>sourcecode.c.h</string>
			<key>name</key>
			<string>UIButton+AFNetworking.h</string>
			<key>path</key>
			<string>UIKit+AFNetworking/UIButton+AFNetworking.h</string>
			<key>sourceTree</key>
			<string>&lt;group&gt;</string>
		</dict>
		<key>3F1BC9BAFFEEABB1ABC7614DF0FC97D5</key>
		<dict>
			<key>fileRef</key>
			<string>FDEEC6002098F644A61A84D51C7AFBE4</string>
			<key>isa</key>
			<string>PBXBuildFile</string>
		</dict>
		<key>3F42FE849C3AE698421CFFDC2BD0484B</key>
		<dict>
			<key>includeInIndex</key>
			<string>1</string>
			<key>isa</key>
			<string>PBXFileReference</string>
			<key>path</key>
			<string>Pods-FordhamMuseum.modulemap</string>
			<key>sourceTree</key>
			<string>&lt;group&gt;</string>
		</dict>
		<key>3F4D10933D8FAAECBBCDC8D3788AC0B6</key>
		<dict>
			<key>includeInIndex</key>
			<string>1</string>
			<key>isa</key>
			<string>PBXFileReference</string>
			<key>lastKnownFileType</key>
			<string>sourcecode.c.h</string>
			<key>path</key>
			<string>BDBOAuth1Manager-prefix.pch</string>
			<key>sourceTree</key>
			<string>&lt;group&gt;</string>
		</dict>
		<key>40490EDFC14C43511B04991FCCE1FB66</key>
		<dict>
			<key>fileRef</key>
			<string>1CF0816EC39D266244E55322BDC44691</string>
			<key>isa</key>
			<string>PBXBuildFile</string>
			<key>settings</key>
			<dict>
				<key>ATTRIBUTES</key>
				<array>
					<string>Public</string>
				</array>
			</dict>
		</dict>
		<key>40551ACCB8777E5ABE981A0105BAAB4F</key>
		<dict>
			<key>includeInIndex</key>
			<string>1</string>
			<key>isa</key>
			<string>PBXFileReference</string>
			<key>lastKnownFileType</key>
			<string>sourcecode.c.objc</string>
			<key>name</key>
			<string>UIWebView+AFNetworking.m</string>
			<key>path</key>
			<string>UIKit+AFNetworking/UIWebView+AFNetworking.m</string>
			<key>sourceTree</key>
			<string>&lt;group&gt;</string>
		</dict>
		<key>428A4A5A869D8DA5F7293514DB1179A5</key>
		<dict>
			<key>children</key>
			<array>
				<string>45A6F4B1D9EEEE539A90F1691FFC2BDC</string>
				<string>F7B956DB1960024FA487DC272918DC88</string>
				<string>BB9E31D4894B12C22E26BCC353E962BF</string>
				<string>4EBD99651073D458E29E7D94570B7911</string>
				<string>2E015F44B88617ECFAB93B4BEE57A6EA</string>
				<string>7DA29B66655EE767B7C32CEF4EF03B5B</string>
				<string>6099C9A43F1298FEE065F3090E755C26</string>
				<string>2E467F921899DE6E634C6EC0F8977A7E</string>
				<string>3068E16673B30FD58119F7A8B43AC687</string>
			</array>
			<key>isa</key>
			<string>PBXGroup</string>
			<key>name</key>
			<string>BDBOAuth1Manager</string>
			<key>path</key>
			<string>BDBOAuth1Manager</string>
			<key>sourceTree</key>
			<string>&lt;group&gt;</string>
		</dict>
		<key>445B3D47256376A8FB06D383FDBEA0C4</key>
		<dict>
			<key>buildConfigurationList</key>
			<string>1E9F524E65C730C1891394F18A683F7F</string>
			<key>buildPhases</key>
			<array>
				<string>B0235A9D964DCAC40EB3D794D6BC3C42</string>
				<string>DC05A516E931B944147440E10550B887</string>
				<string>2B31A0E1284A60346E8660F781AA2343</string>
			</array>
			<key>buildRules</key>
			<array/>
			<key>dependencies</key>
			<array>
				<string>29046E928077C9114EE5E1EF10186C3A</string>
			</array>
			<key>isa</key>
			<string>PBXNativeTarget</string>
			<key>name</key>
			<string>BDBOAuth1Manager</string>
			<key>productName</key>
			<string>BDBOAuth1Manager</string>
			<key>productReference</key>
			<string>BA057117C5CC8FBECECA94FE1761C9C4</string>
			<key>productType</key>
			<string>com.apple.product-type.framework</string>
		</dict>
		<key>4569339A31D35BC7F714641690D87E8E</key>
		<dict>
			<key>children</key>
			<array>
				<string>3841C76BB66E296E32E6E39F147F51C8</string>
				<string>727A357CF37A00A6908763E2AA7D7702</string>
				<string>0909A3B3760FA404652A66A20E37629B</string>
				<string>AE857CE25CA277205DF91676C179BD23</string>
			</array>
			<key>isa</key>
			<string>PBXGroup</string>
			<key>name</key>
			<string>Serialization</string>
			<key>sourceTree</key>
			<string>&lt;group&gt;</string>
		</dict>
		<key>45A6F4B1D9EEEE539A90F1691FFC2BDC</key>
		<dict>
			<key>includeInIndex</key>
			<string>1</string>
			<key>isa</key>
			<string>PBXFileReference</string>
			<key>lastKnownFileType</key>
			<string>sourcecode.c.h</string>
			<key>name</key>
			<string>BDBOAuth1RequestSerializer.h</string>
			<key>path</key>
			<string>BDBOAuth1Manager/BDBOAuth1RequestSerializer.h</string>
			<key>sourceTree</key>
			<string>&lt;group&gt;</string>
		</dict>
		<key>47AA0E1C772C6DBC2398BE4607107698</key>
		<dict>
			<key>children</key>
			<array>
				<string>92AF059B1FA2F5C6323A320C9DC9D6A3</string>
				<string>7FDCBCD343CFF53E9BFD3CEC5854A122</string>
			</array>
			<key>isa</key>
			<string>PBXGroup</string>
			<key>name</key>
			<string>TwitterKit</string>
			<key>path</key>
			<string>TwitterKit</string>
			<key>sourceTree</key>
			<string>&lt;group&gt;</string>
		</dict>
		<key>47DFB27DF6858F39456E1716B780AEA6</key>
		<dict>
			<key>fileRef</key>
			<string>BB9E31D4894B12C22E26BCC353E962BF</string>
			<key>isa</key>
			<string>PBXBuildFile</string>
			<key>settings</key>
			<dict>
				<key>ATTRIBUTES</key>
				<array>
					<string>Public</string>
				</array>
			</dict>
		</dict>
		<key>4C96C219D23ECC8FBE10A6FB0134C8D0</key>
		<dict>
			<key>includeInIndex</key>
			<string>1</string>
			<key>isa</key>
			<string>PBXFileReference</string>
			<key>lastKnownFileType</key>
			<string>wrapper.plug-in</string>
			<key>name</key>
			<string>TwitterKitResources.bundle</string>
			<key>path</key>
			<string>TwitterKit.framework/Versions/A/Resources/TwitterKitResources.bundle</string>
			<key>sourceTree</key>
			<string>&lt;group&gt;</string>
		</dict>
		<key>4EBD99651073D458E29E7D94570B7911</key>
		<dict>
			<key>includeInIndex</key>
			<string>1</string>
			<key>isa</key>
			<string>PBXFileReference</string>
			<key>lastKnownFileType</key>
			<string>sourcecode.c.objc</string>
			<key>name</key>
			<string>BDBOAuth1SessionManager.m</string>
			<key>path</key>
			<string>BDBOAuth1Manager/BDBOAuth1SessionManager.m</string>
			<key>sourceTree</key>
			<string>&lt;group&gt;</string>
		</dict>
		<key>4F462090059723360CDE23154DB2DEED</key>
		<dict>
			<key>buildActionMask</key>
			<string>2147483647</string>
			<key>files</key>
			<array>
				<string>11A010BAC2A38E09F2BC97C62DEF66CF</string>
			</array>
			<key>isa</key>
			<string>PBXFrameworksBuildPhase</string>
			<key>runOnlyForDeploymentPostprocessing</key>
			<string>0</string>
		</dict>
		<key>52F3290F31921DC464F39C80AC425D5C</key>
		<dict>
			<key>isa</key>
			<string>PBXTargetDependency</string>
			<key>name</key>
			<string>BDBOAuth1Manager</string>
			<key>target</key>
			<string>445B3D47256376A8FB06D383FDBEA0C4</string>
			<key>targetProxy</key>
			<string>809C40731D81A9B312A302722322B3DE</string>
		</dict>
		<key>5461D992F0D803F0F05DF72B2849301D</key>
		<dict>
			<key>explicitFileType</key>
			<string>wrapper.framework</string>
			<key>includeInIndex</key>
			<string>0</string>
			<key>isa</key>
			<string>PBXFileReference</string>
			<key>path</key>
			<string>AFNetworking.framework</string>
			<key>sourceTree</key>
			<string>BUILT_PRODUCTS_DIR</string>
		</dict>
		<key>560698A4D707DCBCC1C8F98BC9B89B23</key>
		<dict>
			<key>fileRef</key>
			<string>E4EA9C3A46B66668FC02E48B9002732A</string>
			<key>isa</key>
			<string>PBXBuildFile</string>
			<key>settings</key>
			<dict>
				<key>ATTRIBUTES</key>
				<array>
					<string>Public</string>
				</array>
			</dict>
		</dict>
		<key>57800A0D1724774333EF09E83030AA81</key>
		<dict>
			<key>buildConfigurations</key>
			<array>
				<string>FCE4C74B0751EED27D81B1E78BC36C87</string>
				<string>382EE8DDDD456C0F3E9353F9286D2864</string>
			</array>
			<key>defaultConfigurationIsVisible</key>
			<string>0</string>
			<key>defaultConfigurationName</key>
			<string>Release</string>
			<key>isa</key>
			<string>XCConfigurationList</string>
		</dict>
		<key>5808B477EFF509D810B5CDCFDC944F80</key>
		<dict>
			<key>fileRef</key>
			<string>FA00F5ADD6C2F685A52988164E9D7FC7</string>
			<key>isa</key>
			<string>PBXBuildFile</string>
			<key>settings</key>
			<dict>
				<key>ATTRIBUTES</key>
				<array>
					<string>Public</string>
				</array>
			</dict>
		</dict>
		<key>5820F1E5F2323EB636C2C5E59A7EC811</key>
		<dict>
			<key>includeInIndex</key>
			<string>1</string>
			<key>isa</key>
			<string>PBXFileReference</string>
			<key>lastKnownFileType</key>
			<string>sourcecode.c.h</string>
			<key>name</key>
			<string>AFNetworkActivityIndicatorManager.h</string>
			<key>path</key>
			<string>UIKit+AFNetworking/AFNetworkActivityIndicatorManager.h</string>
			<key>sourceTree</key>
			<string>&lt;group&gt;</string>
		</dict>
		<key>5AB8C1EC1C3EB5A9368597CB2B663637</key>
		<dict>
			<key>includeInIndex</key>
			<string>1</string>
			<key>isa</key>
			<string>PBXFileReference</string>
			<key>lastKnownFileType</key>
			<string>sourcecode.c.objc</string>
			<key>name</key>
			<string>UIActivityIndicatorView+AFNetworking.m</string>
			<key>path</key>
			<string>UIKit+AFNetworking/UIActivityIndicatorView+AFNetworking.m</string>
			<key>sourceTree</key>
			<string>&lt;group&gt;</string>
		</dict>
		<key>5B334080856ED0B9DD427E5BFEBABB3B</key>
		<dict>
			<key>children</key>
			<array>
				<string>9C3C57BD86C88619B91F25B517E5158C</string>
				<string>F6832746DB43FCCA5A5D12CD07962070</string>
				<string>63547437DDB043997D83992B37FA5EF4</string>
				<string>68AFCEE16AA40C48FD1DACBF71F1FD52</string>
				<string>4569339A31D35BC7F714641690D87E8E</string>
				<string>842F7F31CA2F27A50DC752ABE7B1751A</string>
				<string>3C90957A3D284D903B029D9FAFB8778F</string>
			</array>
			<key>isa</key>
			<string>PBXGroup</string>
			<key>name</key>
			<string>AFNetworking</string>
			<key>path</key>
			<string>AFNetworking</string>
			<key>sourceTree</key>
			<string>&lt;group&gt;</string>
		</dict>
		<key>5C6B155FA4ED0F749C9395B78BFA4121</key>
		<dict>
			<key>includeInIndex</key>
			<string>1</string>
			<key>isa</key>
			<string>PBXFileReference</string>
			<key>lastKnownFileType</key>
			<string>text.plist.xml</string>
			<key>path</key>
			<string>Info.plist</string>
			<key>sourceTree</key>
			<string>&lt;group&gt;</string>
		</dict>
		<key>5C858925FD97C370E41C7DCC43110B54</key>
		<dict>
			<key>includeInIndex</key>
			<string>1</string>
			<key>isa</key>
			<string>PBXFileReference</string>
			<key>lastKnownFileType</key>
			<string>text.xcconfig</string>
			<key>path</key>
			<string>AFNetworking.xcconfig</string>
			<key>sourceTree</key>
			<string>&lt;group&gt;</string>
		</dict>
		<key>5CF62A9BA361F8EADF9D09A2053656FE</key>
		<dict>
			<key>children</key>
			<array>
				<string>5B334080856ED0B9DD427E5BFEBABB3B</string>
				<string>428A4A5A869D8DA5F7293514DB1179A5</string>
				<string>11B305C75133C79E5DD4A3E32C618F56</string>
				<string>1236CC3CEB265E704F090E97CE78974B</string>
				<string>47AA0E1C772C6DBC2398BE4607107698</string>
			</array>
			<key>isa</key>
			<string>PBXGroup</string>
			<key>name</key>
			<string>Pods</string>
			<key>sourceTree</key>
			<string>&lt;group&gt;</string>
		</dict>
		<key>5E102F215E3CC0F1D513E72304555BE0</key>
		<dict>
			<key>baseConfigurationReference</key>
			<string>895D1FD43471BBBF9B6F1BF61E28EA37</string>
			<key>buildSettings</key>
			<dict>
				<key>CODE_SIGN_IDENTITY[sdk=iphoneos*]</key>
				<string>iPhone Developer</string>
				<key>CURRENT_PROJECT_VERSION</key>
				<string>1</string>
				<key>DEFINES_MODULE</key>
				<string>YES</string>
				<key>DYLIB_COMPATIBILITY_VERSION</key>
				<string>1</string>
				<key>DYLIB_CURRENT_VERSION</key>
				<string>1</string>
				<key>DYLIB_INSTALL_NAME_BASE</key>
				<string>@rpath</string>
				<key>ENABLE_STRICT_OBJC_MSGSEND</key>
				<string>YES</string>
				<key>INFOPLIST_FILE</key>
				<string>Target Support Files/Pods-FordhamMuseum/Info.plist</string>
				<key>INSTALL_PATH</key>
				<string>$(LOCAL_LIBRARY_DIR)/Frameworks</string>
				<key>IPHONEOS_DEPLOYMENT_TARGET</key>
				<string>9.2</string>
				<key>LD_RUNPATH_SEARCH_PATHS</key>
				<array>
					<string>$(inherited)</string>
					<string>@executable_path/Frameworks</string>
					<string>@loader_path/Frameworks</string>
				</array>
				<key>MACH_O_TYPE</key>
				<string>staticlib</string>
				<key>MODULEMAP_FILE</key>
				<string>Target Support Files/Pods-FordhamMuseum/Pods-FordhamMuseum.modulemap</string>
				<key>MTL_ENABLE_DEBUG_INFO</key>
				<string>YES</string>
				<key>OTHER_LDFLAGS</key>
				<string></string>
				<key>OTHER_LIBTOOLFLAGS</key>
				<string></string>
				<key>PODS_ROOT</key>
				<string>$(SRCROOT)</string>
				<key>PRODUCT_NAME</key>
				<string>Pods_FordhamMuseum</string>
				<key>SDKROOT</key>
				<string>iphoneos</string>
				<key>SKIP_INSTALL</key>
				<string>YES</string>
				<key>TARGETED_DEVICE_FAMILY</key>
				<string>1,2</string>
				<key>VERSIONING_SYSTEM</key>
				<string>apple-generic</string>
				<key>VERSION_INFO_PREFIX</key>
				<string></string>
			</dict>
			<key>isa</key>
			<string>XCBuildConfiguration</string>
			<key>name</key>
			<string>Debug</string>
		</dict>
		<key>5EDFE60AFE02E2A3F660FF334ACDF715</key>
		<dict>
			<key>children</key>
			<array>
				<string>DE134D3C76AB59BC6AE8AEEF5143878B</string>
				<string>3F42FE849C3AE698421CFFDC2BD0484B</string>
				<string>71139516BCBE9A6C32C2A6525C931232</string>
				<string>C3E72B5E8B69B3CEFAA238A0BE9F69E2</string>
				<string>7A3795D645161293E51115DE9429AADF</string>
				<string>1B217544F108CAB9E3172FDB18101CF7</string>
				<string>0C35465D3FDAEA27E0774A8F24390C51</string>
				<string>A2771EB97E9B3CF54FED93B55D66058C</string>
				<string>895D1FD43471BBBF9B6F1BF61E28EA37</string>
				<string>0AA343B4DF2CE52668A4A1D676EDB658</string>
			</array>
			<key>isa</key>
			<string>PBXGroup</string>
			<key>name</key>
			<string>Pods-FordhamMuseum</string>
			<key>path</key>
			<string>Target Support Files/Pods-FordhamMuseum</string>
			<key>sourceTree</key>
			<string>&lt;group&gt;</string>
		</dict>
		<key>5F5E0A8CD8978AB44343DB1A4D4F3741</key>
		<dict>
			<key>fileRef</key>
			<string>A2771EB97E9B3CF54FED93B55D66058C</string>
			<key>isa</key>
			<string>PBXBuildFile</string>
			<key>settings</key>
			<dict>
				<key>ATTRIBUTES</key>
				<array>
					<string>Public</string>
				</array>
			</dict>
		</dict>
		<key>5FF6453E55785669885F626B853FD2AA</key>
		<dict>
			<key>fileRef</key>
			<string>BFEDB68F354913C4E77D54F34180D37B</string>
			<key>isa</key>
			<string>PBXBuildFile</string>
		</dict>
		<key>60966BD0678987B596CC1041CD4F981A</key>
		<dict>
			<key>baseConfigurationReference</key>
			<string>0AA343B4DF2CE52668A4A1D676EDB658</string>
			<key>buildSettings</key>
			<dict>
				<key>CODE_SIGN_IDENTITY[sdk=iphoneos*]</key>
				<string>iPhone Developer</string>
				<key>CURRENT_PROJECT_VERSION</key>
				<string>1</string>
				<key>DEFINES_MODULE</key>
				<string>YES</string>
				<key>DYLIB_COMPATIBILITY_VERSION</key>
				<string>1</string>
				<key>DYLIB_CURRENT_VERSION</key>
				<string>1</string>
				<key>DYLIB_INSTALL_NAME_BASE</key>
				<string>@rpath</string>
				<key>ENABLE_STRICT_OBJC_MSGSEND</key>
				<string>YES</string>
				<key>INFOPLIST_FILE</key>
				<string>Target Support Files/Pods-FordhamMuseum/Info.plist</string>
				<key>INSTALL_PATH</key>
				<string>$(LOCAL_LIBRARY_DIR)/Frameworks</string>
				<key>IPHONEOS_DEPLOYMENT_TARGET</key>
				<string>9.2</string>
				<key>LD_RUNPATH_SEARCH_PATHS</key>
				<array>
					<string>$(inherited)</string>
					<string>@executable_path/Frameworks</string>
					<string>@loader_path/Frameworks</string>
				</array>
				<key>MACH_O_TYPE</key>
				<string>staticlib</string>
				<key>MODULEMAP_FILE</key>
				<string>Target Support Files/Pods-FordhamMuseum/Pods-FordhamMuseum.modulemap</string>
				<key>MTL_ENABLE_DEBUG_INFO</key>
				<string>NO</string>
				<key>OTHER_LDFLAGS</key>
				<string></string>
				<key>OTHER_LIBTOOLFLAGS</key>
				<string></string>
				<key>PODS_ROOT</key>
				<string>$(SRCROOT)</string>
				<key>PRODUCT_NAME</key>
				<string>Pods_FordhamMuseum</string>
				<key>SDKROOT</key>
				<string>iphoneos</string>
				<key>SKIP_INSTALL</key>
				<string>YES</string>
				<key>TARGETED_DEVICE_FAMILY</key>
				<string>1,2</string>
				<key>VERSIONING_SYSTEM</key>
				<string>apple-generic</string>
				<key>VERSION_INFO_PREFIX</key>
				<string></string>
			</dict>
			<key>isa</key>
			<string>XCBuildConfiguration</string>
			<key>name</key>
			<string>Release</string>
		</dict>
		<key>6099C9A43F1298FEE065F3090E755C26</key>
		<dict>
			<key>includeInIndex</key>
			<string>1</string>
			<key>isa</key>
			<string>PBXFileReference</string>
			<key>lastKnownFileType</key>
			<string>sourcecode.c.h</string>
			<key>name</key>
			<string>NSString+BDBOAuth1Manager.h</string>
			<key>path</key>
			<string>BDBOAuth1Manager/Categories/NSString+BDBOAuth1Manager.h</string>
			<key>sourceTree</key>
			<string>&lt;group&gt;</string>
		</dict>
		<key>60E3009342BEE96D32C546BE2DB60052</key>
		<dict>
			<key>fileRef</key>
			<string>252707D06D3743191D1AF9D1F77E05B8</string>
			<key>isa</key>
			<string>PBXBuildFile</string>
			<key>settings</key>
			<dict>
				<key>ATTRIBUTES</key>
				<array>
					<string>Public</string>
				</array>
			</dict>
		</dict>
		<key>63547437DDB043997D83992B37FA5EF4</key>
		<dict>
			<key>children</key>
			<array>
				<string>6F14D9666F99B83A28007A788A763002</string>
				<string>07B3FB3FB4E3F851183FBF8400648255</string>
			</array>
			<key>isa</key>
			<string>PBXGroup</string>
			<key>name</key>
			<string>Reachability</string>
			<key>sourceTree</key>
			<string>&lt;group&gt;</string>
		</dict>
		<key>659960F7E28E993E08CCC1E8A383E710</key>
		<dict>
			<key>fileRef</key>
			<string>1FC2AC63999E9353C991CE7AFFCE0B93</string>
			<key>isa</key>
			<string>PBXBuildFile</string>
			<key>settings</key>
			<dict>
				<key>ATTRIBUTES</key>
				<array>
					<string>Public</string>
				</array>
			</dict>
		</dict>
		<key>68152D921ABF6A423C192C04FDF94F0F</key>
		<dict>
			<key>fileRef</key>
			<string>6F14D9666F99B83A28007A788A763002</string>
			<key>isa</key>
			<string>PBXBuildFile</string>
			<key>settings</key>
			<dict>
				<key>ATTRIBUTES</key>
				<array>
					<string>Public</string>
				</array>
			</dict>
		</dict>
		<key>68A38977EBAE334DC3C22386D00D2622</key>
		<dict>
			<key>fileRef</key>
			<string>07B3FB3FB4E3F851183FBF8400648255</string>
			<key>isa</key>
			<string>PBXBuildFile</string>
		</dict>
		<key>68AFCEE16AA40C48FD1DACBF71F1FD52</key>
		<dict>
			<key>children</key>
			<array>
				<string>289EF5ECBCC7001F5C21C79E2FF0E40D</string>
				<string>03899C40EE6BDF00F0B5C25A01E0753A</string>
			</array>
			<key>isa</key>
			<string>PBXGroup</string>
			<key>name</key>
			<string>Security</string>
			<key>sourceTree</key>
			<string>&lt;group&gt;</string>
		</dict>
		<key>6DE292E45C7F019399CE31A3667E8810</key>
		<dict>
			<key>includeInIndex</key>
			<string>1</string>
			<key>isa</key>
			<string>PBXFileReference</string>
			<key>lastKnownFileType</key>
			<string>sourcecode.c.h</string>
			<key>name</key>
			<string>UIWebView+AFNetworking.h</string>
			<key>path</key>
			<string>UIKit+AFNetworking/UIWebView+AFNetworking.h</string>
			<key>sourceTree</key>
			<string>&lt;group&gt;</string>
		</dict>
		<key>6ED4ABEE8A5F51F5ECB59FA1781D29C6</key>
		<dict>
			<key>fileRef</key>
			<string>5AB8C1EC1C3EB5A9368597CB2B663637</string>
			<key>isa</key>
			<string>PBXBuildFile</string>
		</dict>
		<key>6F14D9666F99B83A28007A788A763002</key>
		<dict>
			<key>includeInIndex</key>
			<string>1</string>
			<key>isa</key>
			<string>PBXFileReference</string>
			<key>lastKnownFileType</key>
			<string>sourcecode.c.h</string>
			<key>name</key>
			<string>AFNetworkReachabilityManager.h</string>
			<key>path</key>
			<string>AFNetworking/AFNetworkReachabilityManager.h</string>
			<key>sourceTree</key>
			<string>&lt;group&gt;</string>
		</dict>
		<key>707B1A7541C8DBDDE8C27896A61370BE</key>
		<dict>
			<key>fileRef</key>
			<string>AA568A0778B0A71A9917A0F461CC62A0</string>
			<key>isa</key>
			<string>PBXBuildFile</string>
		</dict>
		<key>71139516BCBE9A6C32C2A6525C931232</key>
		<dict>
			<key>includeInIndex</key>
			<string>1</string>
			<key>isa</key>
			<string>PBXFileReference</string>
			<key>lastKnownFileType</key>
			<string>text</string>
			<key>path</key>
			<string>Pods-FordhamMuseum-acknowledgements.markdown</string>
			<key>sourceTree</key>
			<string>&lt;group&gt;</string>
		</dict>
		<key>71366D4703DE4C62491941A8FCEB88EE</key>
		<dict>
			<key>includeInIndex</key>
			<string>1</string>
			<key>isa</key>
			<string>PBXFileReference</string>
			<key>lastKnownFileType</key>
			<string>sourcecode.c.h</string>
			<key>name</key>
			<string>UIRefreshControl+AFNetworking.h</string>
			<key>path</key>
			<string>UIKit+AFNetworking/UIRefreshControl+AFNetworking.h</string>
			<key>sourceTree</key>
			<string>&lt;group&gt;</string>
		</dict>
		<key>727A357CF37A00A6908763E2AA7D7702</key>
		<dict>
			<key>includeInIndex</key>
			<string>1</string>
			<key>isa</key>
			<string>PBXFileReference</string>
			<key>lastKnownFileType</key>
			<string>sourcecode.c.objc</string>
			<key>name</key>
			<string>AFURLRequestSerialization.m</string>
			<key>path</key>
			<string>AFNetworking/AFURLRequestSerialization.m</string>
			<key>sourceTree</key>
			<string>&lt;group&gt;</string>
		</dict>
		<key>7332F15718920917F544F35CE2C038AA</key>
		<dict>
			<key>fileRef</key>
			<string>0909A3B3760FA404652A66A20E37629B</string>
			<key>isa</key>
			<string>PBXBuildFile</string>
			<key>settings</key>
			<dict>
				<key>ATTRIBUTES</key>
				<array>
					<string>Public</string>
				</array>
			</dict>
		</dict>
		<key>76CF54053973E02E298CC948FAA3AE78</key>
		<dict>
			<key>buildActionMask</key>
			<string>2147483647</string>
			<key>files</key>
			<array>
				<string>84DC358B077E5A14992877CD98D6681B</string>
			</array>
			<key>isa</key>
			<string>PBXSourcesBuildPhase</string>
			<key>runOnlyForDeploymentPostprocessing</key>
			<string>0</string>
		</dict>
		<key>7932B989BE74DAF521777CF938DE641D</key>
		<dict>
			<key>containerPortal</key>
			<string>D41D8CD98F00B204E9800998ECF8427E</string>
			<key>isa</key>
			<string>PBXContainerItemProxy</string>
			<key>proxyType</key>
			<string>1</string>
			<key>remoteGlobalIDString</key>
			<string>1C3436CEA5C3D39764C5F54374794ECB</string>
			<key>remoteInfo</key>
			<string>AFNetworking</string>
		</dict>
		<key>7A3795D645161293E51115DE9429AADF</key>
		<dict>
			<key>includeInIndex</key>
			<string>1</string>
			<key>isa</key>
			<string>PBXFileReference</string>
			<key>lastKnownFileType</key>
			<string>sourcecode.c.objc</string>
			<key>path</key>
			<string>Pods-FordhamMuseum-dummy.m</string>
			<key>sourceTree</key>
			<string>&lt;group&gt;</string>
		</dict>
		<key>7AFBBF51D71219C5735686F7908DFDF7</key>
		<dict>
			<key>includeInIndex</key>
			<string>1</string>
			<key>isa</key>
			<string>PBXFileReference</string>
			<key>lastKnownFileType</key>
			<string>sourcecode.c.h</string>
			<key>name</key>
			<string>AFAutoPurgingImageCache.h</string>
			<key>path</key>
			<string>UIKit+AFNetworking/AFAutoPurgingImageCache.h</string>
			<key>sourceTree</key>
			<string>&lt;group&gt;</string>
		</dict>
		<key>7BBB6CD6B94B611AD1F8ABD97414D7B3</key>
		<dict>
			<key>includeInIndex</key>
			<string>1</string>
			<key>isa</key>
			<string>PBXFileReference</string>
			<key>path</key>
			<string>BDBOAuth1Manager.modulemap</string>
			<key>sourceTree</key>
			<string>&lt;group&gt;</string>
		</dict>
		<key>7C6A0D99A9CC32A19A92A62F8A941139</key>
		<dict>
			<key>buildActionMask</key>
			<string>2147483647</string>
			<key>files</key>
			<array>
				<string>CAC483EF637FB4A2C2E2FC75BA631B87</string>
				<string>AB39AC9746E7575D7449700475E41B0B</string>
				<string>5808B477EFF509D810B5CDCFDC944F80</string>
				<string>1480F4923DBBF217F60572EEECB4027C</string>
				<string>EC7CADE416A78A1CD6936018A6695126</string>
				<string>E7988678C81F7CCB95D239375FC6986D</string>
				<string>68152D921ABF6A423C192C04FDF94F0F</string>
				<string>C2DD28375E1F0B1D0D1D2E4E607C499F</string>
				<string>20EE8030FCF2402DAC7F1C9B9DDAEF79</string>
				<string>7332F15718920917F544F35CE2C038AA</string>
				<string>560698A4D707DCBCC1C8F98BC9B89B23</string>
				<string>1E5B8F12ED7CC40ECDB9B1F755F387E5</string>
				<string>81B617F8D26BB10C5726D75E85D21EB7</string>
				<string>9E1E90DED74B73ECE53C9AD76DE53E2D</string>
				<string>60E3009342BEE96D32C546BE2DB60052</string>
				<string>659960F7E28E993E08CCC1E8A383E710</string>
				<string>D9F4E833E37B611B432F6B5D7072DDA2</string>
				<string>C6354FEC7728A4C86DAD8092509BA7D4</string>
				<string>AE2A07407FB50BA249984DC0620E84C0</string>
			</array>
			<key>isa</key>
			<string>PBXHeadersBuildPhase</string>
			<key>runOnlyForDeploymentPostprocessing</key>
			<string>0</string>
		</dict>
		<key>7DA29B66655EE767B7C32CEF4EF03B5B</key>
		<dict>
			<key>includeInIndex</key>
			<string>1</string>
			<key>isa</key>
			<string>PBXFileReference</string>
			<key>lastKnownFileType</key>
			<string>sourcecode.c.objc</string>
			<key>name</key>
			<string>NSDictionary+BDBOAuth1Manager.m</string>
			<key>path</key>
			<string>BDBOAuth1Manager/Categories/NSDictionary+BDBOAuth1Manager.m</string>
			<key>sourceTree</key>
			<string>&lt;group&gt;</string>
		</dict>
		<key>7DB346D0F39D3F0E887471402A8071AB</key>
		<dict>
			<key>children</key>
			<array>
				<string>BA6428E9F66FD5A23C0A2E06ED26CD2F</string>
				<string>EFC8D1216166DE80CF4A6175E6193664</string>
				<string>5CF62A9BA361F8EADF9D09A2053656FE</string>
				<string>A4C03BB0DFA372BB77FAC0F24371220B</string>
				<string>1AED86FFA1CE9B60D7F1BDD0A8F45186</string>
			</array>
			<key>isa</key>
			<string>PBXGroup</string>
			<key>sourceTree</key>
			<string>&lt;group&gt;</string>
		</dict>
		<key>7E18060D422BBD07C08069F451DF9962</key>
		<dict>
			<key>explicitFileType</key>
			<string>wrapper.framework</string>
			<key>includeInIndex</key>
			<string>0</string>
			<key>isa</key>
			<string>PBXFileReference</string>
			<key>name</key>
			<string>AFNetworking.framework</string>
			<key>path</key>
			<string>AFNetworking.framework</string>
			<key>sourceTree</key>
			<string>BUILT_PRODUCTS_DIR</string>
		</dict>
		<key>7E2152007C0359AAF132B24B85E9C371</key>
		<dict>
			<key>explicitFileType</key>
			<string>wrapper.framework</string>
			<key>includeInIndex</key>
			<string>0</string>
			<key>isa</key>
			<string>PBXFileReference</string>
			<key>name</key>
			<string>Pods_FordhamMuseum.framework</string>
			<key>path</key>
			<string>Pods_FordhamMuseum.framework</string>
			<key>sourceTree</key>
			<string>BUILT_PRODUCTS_DIR</string>
		</dict>
		<key>7E6A4EFA32969CDB9F9C57903152BA54</key>
		<dict>
			<key>fileRef</key>
			<string>F6994473710CDDA4E61E3E5160034298</string>
			<key>isa</key>
			<string>PBXBuildFile</string>
		</dict>
		<key>7F17EA5E2787B6F2BBB359854B42A0E3</key>
		<dict>
			<key>fileRef</key>
			<string>D5E75F3372A055B3EE897EBBC3BA0F88</string>
			<key>isa</key>
			<string>PBXBuildFile</string>
		</dict>
		<key>7FAA48C597D7EA701033A3675197C0FB</key>
		<dict>
			<key>isa</key>
			<string>PBXTargetDependency</string>
			<key>name</key>
			<string>AFNetworking</string>
			<key>target</key>
			<string>1C3436CEA5C3D39764C5F54374794ECB</string>
			<key>targetProxy</key>
			<string>7932B989BE74DAF521777CF938DE641D</string>
		</dict>
		<key>7FDCBCD343CFF53E9BFD3CEC5854A122</key>
		<dict>
			<key>children</key>
			<array>
				<string>4C96C219D23ECC8FBE10A6FB0134C8D0</string>
			</array>
			<key>isa</key>
			<string>PBXGroup</string>
			<key>name</key>
			<string>Resources</string>
			<key>sourceTree</key>
			<string>&lt;group&gt;</string>
		</dict>
		<key>809C40731D81A9B312A302722322B3DE</key>
		<dict>
			<key>containerPortal</key>
			<string>D41D8CD98F00B204E9800998ECF8427E</string>
			<key>isa</key>
			<string>PBXContainerItemProxy</string>
			<key>proxyType</key>
			<string>1</string>
			<key>remoteGlobalIDString</key>
			<string>445B3D47256376A8FB06D383FDBEA0C4</string>
			<key>remoteInfo</key>
			<string>BDBOAuth1Manager</string>
		</dict>
		<key>81A95371375472724F3288A2544A2F9F</key>
		<dict>
			<key>fileRef</key>
			<string>F7B956DB1960024FA487DC272918DC88</string>
			<key>isa</key>
			<string>PBXBuildFile</string>
		</dict>
		<key>81B617F8D26BB10C5726D75E85D21EB7</key>
		<dict>
			<key>fileRef</key>
			<string>3EB6EA8873FF4DCEA9B9F9F3B925CA8B</string>
			<key>isa</key>
			<string>PBXBuildFile</string>
			<key>settings</key>
			<dict>
				<key>ATTRIBUTES</key>
				<array>
					<string>Public</string>
				</array>
			</dict>
		</dict>
		<key>824F7616CF54E6BDDFD66BE3B80E418B</key>
		<dict>
			<key>includeInIndex</key>
			<string>1</string>
			<key>isa</key>
			<string>PBXFileReference</string>
			<key>lastKnownFileType</key>
			<string>sourcecode.c.objc</string>
			<key>path</key>
			<string>AFNetworking-dummy.m</string>
			<key>sourceTree</key>
			<string>&lt;group&gt;</string>
		</dict>
		<key>8401C7096270A1E7078D7007BDC08448</key>
		<dict>
			<key>children</key>
			<array>
				<string>2335464540785045640B9DA93AB28ED2</string>
			</array>
			<key>isa</key>
			<string>PBXGroup</string>
			<key>name</key>
			<string>Frameworks</string>
			<key>sourceTree</key>
			<string>&lt;group&gt;</string>
		</dict>
		<key>842F7F31CA2F27A50DC752ABE7B1751A</key>
		<dict>
			<key>children</key>
			<array>
				<string>2F353637CE7B3F2F6CBE2BC86532F0BF</string>
				<string>5C858925FD97C370E41C7DCC43110B54</string>
				<string>824F7616CF54E6BDDFD66BE3B80E418B</string>
				<string>141F95123BA828577A3FDE071ECA7D50</string>
				<string>DAA613927AB09BC5D089AD0442887677</string>
				<string>5C6B155FA4ED0F749C9395B78BFA4121</string>
			</array>
			<key>isa</key>
			<string>PBXGroup</string>
			<key>name</key>
			<string>Support Files</string>
			<key>path</key>
			<string>../Target Support Files/AFNetworking</string>
			<key>sourceTree</key>
			<string>&lt;group&gt;</string>
		</dict>
		<key>84DC358B077E5A14992877CD98D6681B</key>
		<dict>
			<key>fileRef</key>
			<string>7A3795D645161293E51115DE9429AADF</string>
			<key>isa</key>
			<string>PBXBuildFile</string>
		</dict>
		<key>862A9B6988A7E265930B8C9368256FED</key>
		<dict>
			<key>includeInIndex</key>
			<string>1</string>
			<key>isa</key>
			<string>PBXFileReference</string>
			<key>lastKnownFileType</key>
			<string>text.plist.xml</string>
			<key>path</key>
			<string>Info.plist</string>
			<key>sourceTree</key>
			<string>&lt;group&gt;</string>
		</dict>
		<key>868FD08F555DE94E860B89C896068AFA</key>
		<dict>
			<key>fileRef</key>
			<string>2E467F921899DE6E634C6EC0F8977A7E</string>
			<key>isa</key>
			<string>PBXBuildFile</string>
		</dict>
		<key>895D1FD43471BBBF9B6F1BF61E28EA37</key>
		<dict>
			<key>includeInIndex</key>
			<string>1</string>
			<key>isa</key>
			<string>PBXFileReference</string>
			<key>lastKnownFileType</key>
			<string>text.xcconfig</string>
			<key>path</key>
			<string>Pods-FordhamMuseum.debug.xcconfig</string>
			<key>sourceTree</key>
			<string>&lt;group&gt;</string>
		</dict>
		<key>8D1534490D941DCA47C62AC4314182AF</key>
		<dict>
			<key>buildSettings</key>
			<dict>
				<key>ALWAYS_SEARCH_USER_PATHS</key>
				<string>NO</string>
				<key>CLANG_CXX_LANGUAGE_STANDARD</key>
				<string>gnu++0x</string>
				<key>CLANG_CXX_LIBRARY</key>
				<string>libc++</string>
				<key>CLANG_ENABLE_MODULES</key>
				<string>YES</string>
				<key>CLANG_ENABLE_OBJC_ARC</key>
				<string>YES</string>
				<key>CLANG_WARN_BOOL_CONVERSION</key>
				<string>YES</string>
				<key>CLANG_WARN_CONSTANT_CONVERSION</key>
				<string>YES</string>
				<key>CLANG_WARN_DIRECT_OBJC_ISA_USAGE</key>
				<string>YES</string>
				<key>CLANG_WARN_EMPTY_BODY</key>
				<string>YES</string>
				<key>CLANG_WARN_ENUM_CONVERSION</key>
				<string>YES</string>
				<key>CLANG_WARN_INT_CONVERSION</key>
				<string>YES</string>
				<key>CLANG_WARN_OBJC_ROOT_CLASS</key>
				<string>YES</string>
				<key>CLANG_WARN_UNREACHABLE_CODE</key>
				<string>YES</string>
				<key>CLANG_WARN__DUPLICATE_METHOD_MATCH</key>
				<string>YES</string>
				<key>COPY_PHASE_STRIP</key>
				<string>NO</string>
				<key>GCC_C_LANGUAGE_STANDARD</key>
				<string>gnu99</string>
				<key>GCC_DYNAMIC_NO_PIC</key>
				<string>NO</string>
				<key>GCC_OPTIMIZATION_LEVEL</key>
				<string>0</string>
				<key>GCC_PREPROCESSOR_DEFINITIONS</key>
				<array>
					<string>DEBUG=1</string>
					<string>$(inherited)</string>
				</array>
				<key>GCC_SYMBOLS_PRIVATE_EXTERN</key>
				<string>NO</string>
				<key>GCC_WARN_64_TO_32_BIT_CONVERSION</key>
				<string>YES</string>
				<key>GCC_WARN_ABOUT_RETURN_TYPE</key>
				<string>YES</string>
				<key>GCC_WARN_UNDECLARED_SELECTOR</key>
				<string>YES</string>
				<key>GCC_WARN_UNINITIALIZED_AUTOS</key>
				<string>YES</string>
				<key>GCC_WARN_UNUSED_FUNCTION</key>
				<string>YES</string>
				<key>GCC_WARN_UNUSED_VARIABLE</key>
				<string>YES</string>
				<key>IPHONEOS_DEPLOYMENT_TARGET</key>
				<string>9.2</string>
				<key>ONLY_ACTIVE_ARCH</key>
				<string>YES</string>
				<key>STRIP_INSTALLED_PRODUCT</key>
				<string>NO</string>
				<key>SYMROOT</key>
				<string>${SRCROOT}/../build</string>
			</dict>
			<key>isa</key>
			<string>XCBuildConfiguration</string>
			<key>name</key>
			<string>Debug</string>
		</dict>
		<key>90DC6406EFA2AB94F6A7EC4C0B899396</key>
		<dict>
			<key>buildActionMask</key>
			<string>2147483647</string>
			<key>files</key>
			<array>
				<string>5F5E0A8CD8978AB44343DB1A4D4F3741</string>
			</array>
			<key>isa</key>
			<string>PBXHeadersBuildPhase</string>
			<key>runOnlyForDeploymentPostprocessing</key>
			<string>0</string>
		</dict>
		<key>9286B5FF03D5DA2D2269C1DA98DC1B36</key>
		<dict>
			<key>baseConfigurationReference</key>
			<string>AEE1E97073EE002D6DD039421FC59FDF</string>
			<key>buildSettings</key>
			<dict>
				<key>CODE_SIGN_IDENTITY[sdk=iphoneos*]</key>
				<string>iPhone Developer</string>
				<key>CURRENT_PROJECT_VERSION</key>
				<string>1</string>
				<key>DEFINES_MODULE</key>
				<string>YES</string>
				<key>DYLIB_COMPATIBILITY_VERSION</key>
				<string>1</string>
				<key>DYLIB_CURRENT_VERSION</key>
				<string>1</string>
				<key>DYLIB_INSTALL_NAME_BASE</key>
				<string>@rpath</string>
				<key>ENABLE_STRICT_OBJC_MSGSEND</key>
				<string>YES</string>
				<key>GCC_PREFIX_HEADER</key>
				<string>Target Support Files/BDBOAuth1Manager/BDBOAuth1Manager-prefix.pch</string>
				<key>INFOPLIST_FILE</key>
				<string>Target Support Files/BDBOAuth1Manager/Info.plist</string>
				<key>INSTALL_PATH</key>
				<string>$(LOCAL_LIBRARY_DIR)/Frameworks</string>
				<key>IPHONEOS_DEPLOYMENT_TARGET</key>
				<string>9.2</string>
				<key>LD_RUNPATH_SEARCH_PATHS</key>
				<array>
					<string>$(inherited)</string>
					<string>@executable_path/Frameworks</string>
					<string>@loader_path/Frameworks</string>
				</array>
				<key>MODULEMAP_FILE</key>
				<string>Target Support Files/BDBOAuth1Manager/BDBOAuth1Manager.modulemap</string>
				<key>MTL_ENABLE_DEBUG_INFO</key>
				<string>NO</string>
				<key>PRODUCT_NAME</key>
				<string>BDBOAuth1Manager</string>
				<key>SDKROOT</key>
				<string>iphoneos</string>
				<key>SKIP_INSTALL</key>
				<string>YES</string>
				<key>TARGETED_DEVICE_FAMILY</key>
				<string>1,2</string>
				<key>VERSIONING_SYSTEM</key>
				<string>apple-generic</string>
				<key>VERSION_INFO_PREFIX</key>
				<string></string>
			</dict>
			<key>isa</key>
			<string>XCBuildConfiguration</string>
			<key>name</key>
			<string>Release</string>
		</dict>
		<key>92AF059B1FA2F5C6323A320C9DC9D6A3</key>
		<dict>
			<key>children</key>
			<array>
				<string>A581FD39C71514703E32F868AE1D229D</string>
			</array>
			<key>isa</key>
			<string>PBXGroup</string>
			<key>name</key>
			<string>Frameworks</string>
			<key>sourceTree</key>
			<string>&lt;group&gt;</string>
		</dict>
		<key>97C66DA139490A24870AEF4799DF07FC</key>
		<dict>
			<key>fileRef</key>
			<string>293FF60473C7750AA557DAA027F40FC1</string>
			<key>isa</key>
			<string>PBXBuildFile</string>
		</dict>
		<key>99EB969AC15705E41280F4901CA4BF45</key>
		<dict>
			<key>includeInIndex</key>
			<string>1</string>
			<key>isa</key>
			<string>PBXFileReference</string>
			<key>lastKnownFileType</key>
			<string>sourcecode.c.objc</string>
			<key>name</key>
			<string>AFImageDownloader.m</string>
			<key>path</key>
			<string>UIKit+AFNetworking/AFImageDownloader.m</string>
			<key>sourceTree</key>
			<string>&lt;group&gt;</string>
		</dict>
		<key>9BFB376F56AA6C68DE7319C8E4C53130</key>
		<dict>
			<key>isa</key>
			<string>PBXFileReference</string>
			<key>lastKnownFileType</key>
			<string>wrapper.framework</string>
			<key>name</key>
			<string>SystemConfiguration.framework</string>
			<key>path</key>
			<string>Platforms/iPhoneOS.platform/Developer/SDKs/iPhoneOS9.0.sdk/System/Library/Frameworks/SystemConfiguration.framework</string>
			<key>sourceTree</key>
			<string>DEVELOPER_DIR</string>
		</dict>
		<key>9C3C57BD86C88619B91F25B517E5158C</key>
		<dict>
			<key>includeInIndex</key>
			<string>1</string>
			<key>isa</key>
			<string>PBXFileReference</string>
			<key>lastKnownFileType</key>
			<string>sourcecode.c.h</string>
			<key>name</key>
			<string>AFNetworking.h</string>
			<key>path</key>
			<string>AFNetworking/AFNetworking.h</string>
			<key>sourceTree</key>
			<string>&lt;group&gt;</string>
		</dict>
		<key>9E1E90DED74B73ECE53C9AD76DE53E2D</key>
		<dict>
			<key>fileRef</key>
			<string>CB066435F9D153C95E63762C465E745D</string>
			<key>isa</key>
			<string>PBXBuildFile</string>
			<key>settings</key>
			<dict>
				<key>ATTRIBUTES</key>
				<array>
					<string>Public</string>
				</array>
			</dict>
		</dict>
		<key>9FEDBD143D256321E14E8E43091F7B46</key>
		<dict>
			<key>isa</key>
			<string>PBXFileReference</string>
			<key>lastKnownFileType</key>
			<string>wrapper.framework</string>
			<key>name</key>
			<string>MobileCoreServices.framework</string>
			<key>path</key>
			<string>Platforms/iPhoneOS.platform/Developer/SDKs/iPhoneOS9.0.sdk/System/Library/Frameworks/MobileCoreServices.framework</string>
			<key>sourceTree</key>
			<string>DEVELOPER_DIR</string>
		</dict>
		<key>A1994464F84177FD3A751754DCE744E0</key>
		<dict>
			<key>children</key>
			<array>
				<string>F6994473710CDDA4E61E3E5160034298</string>
				<string>D5E75F3372A055B3EE897EBBC3BA0F88</string>
				<string>9FEDBD143D256321E14E8E43091F7B46</string>
				<string>1DE5F6E2155E6D6A03A95898A65E8701</string>
				<string>9BFB376F56AA6C68DE7319C8E4C53130</string>
			</array>
			<key>isa</key>
			<string>PBXGroup</string>
			<key>name</key>
			<string>iOS</string>
			<key>sourceTree</key>
			<string>&lt;group&gt;</string>
		</dict>
		<key>A2771EB97E9B3CF54FED93B55D66058C</key>
		<dict>
			<key>includeInIndex</key>
			<string>1</string>
			<key>isa</key>
			<string>PBXFileReference</string>
			<key>lastKnownFileType</key>
			<string>sourcecode.c.h</string>
			<key>path</key>
			<string>Pods-FordhamMuseum-umbrella.h</string>
			<key>sourceTree</key>
			<string>&lt;group&gt;</string>
		</dict>
		<key>A2E1E2AA987C1F4DA50BE44854FB2A54</key>
		<dict>
			<key>includeInIndex</key>
			<string>1</string>
			<key>isa</key>
			<string>PBXFileReference</string>
			<key>lastKnownFileType</key>
			<string>sourcecode.c.h</string>
			<key>name</key>
			<string>AFHTTPSessionManager.h</string>
			<key>path</key>
			<string>AFNetworking/AFHTTPSessionManager.h</string>
			<key>sourceTree</key>
			<string>&lt;group&gt;</string>
		</dict>
		<key>A2F6D8BABD5F73168E187EC4F5585F68</key>
		<dict>
			<key>fileRef</key>
			<string>2E015F44B88617ECFAB93B4BEE57A6EA</string>
			<key>isa</key>
			<string>PBXBuildFile</string>
			<key>settings</key>
			<dict>
				<key>ATTRIBUTES</key>
				<array>
					<string>Public</string>
				</array>
			</dict>
		</dict>
		<key>A462945883F7729B185B64B679A6BFBE</key>
		<dict>
			<key>fileRef</key>
			<string>40551ACCB8777E5ABE981A0105BAAB4F</string>
			<key>isa</key>
			<string>PBXBuildFile</string>
		</dict>
		<key>A4C03BB0DFA372BB77FAC0F24371220B</key>
		<dict>
			<key>children</key>
			<array>
				<string>7E18060D422BBD07C08069F451DF9962</string>
				<string>BA057117C5CC8FBECECA94FE1761C9C4</string>
				<string>7E2152007C0359AAF132B24B85E9C371</string>
			</array>
			<key>isa</key>
			<string>PBXGroup</string>
			<key>name</key>
			<string>Products</string>
			<key>sourceTree</key>
			<string>&lt;group&gt;</string>
		</dict>
		<key>A581FD39C71514703E32F868AE1D229D</key>
		<dict>
			<key>isa</key>
			<string>PBXFileReference</string>
			<key>lastKnownFileType</key>
			<string>wrapper.framework</string>
			<key>path</key>
			<string>TwitterKit.framework</string>
			<key>sourceTree</key>
			<string>&lt;group&gt;</string>
		</dict>
		<key>A6C6019D45BE62C61210A9CC619368EF</key>
		<dict>
			<key>fileRef</key>
			<string>2896BF2A4C990E8A22FEF9911FC15A4F</string>
			<key>isa</key>
			<string>PBXBuildFile</string>
		</dict>
		<key>A7665D1A9037035AECDE8D41696BF1CD</key>
		<dict>
			<key>buildConfigurations</key>
			<array>
				<string>5E102F215E3CC0F1D513E72304555BE0</string>
				<string>60966BD0678987B596CC1041CD4F981A</string>
			</array>
			<key>defaultConfigurationIsVisible</key>
			<string>0</string>
			<key>defaultConfigurationName</key>
			<string>Release</string>
			<key>isa</key>
			<string>XCConfigurationList</string>
		</dict>
		<key>AA568A0778B0A71A9917A0F461CC62A0</key>
		<dict>
			<key>includeInIndex</key>
			<string>1</string>
			<key>isa</key>
			<string>PBXFileReference</string>
			<key>lastKnownFileType</key>
			<string>sourcecode.c.objc</string>
			<key>name</key>
			<string>AFURLSessionManager.m</string>
			<key>path</key>
			<string>AFNetworking/AFURLSessionManager.m</string>
			<key>sourceTree</key>
			<string>&lt;group&gt;</string>
		</dict>
		<key>AB39AC9746E7575D7449700475E41B0B</key>
		<dict>
			<key>fileRef</key>
			<string>A2E1E2AA987C1F4DA50BE44854FB2A54</string>
			<key>isa</key>
			<string>PBXBuildFile</string>
			<key>settings</key>
			<dict>
				<key>ATTRIBUTES</key>
				<array>
					<string>Public</string>
				</array>
			</dict>
		</dict>
		<key>ADCAADC1FBDF7F5655F8B49E9D0713FA</key>
		<dict>
			<key>isa</key>
			<string>PBXFileReference</string>
			<key>lastKnownFileType</key>
			<string>wrapper.framework</string>
			<key>name</key>
			<string>Fabric.framework</string>
			<key>path</key>
			<string>iOS/Fabric.framework</string>
			<key>sourceTree</key>
			<string>&lt;group&gt;</string>
		</dict>
		<key>AE2A07407FB50BA249984DC0620E84C0</key>
		<dict>
			<key>fileRef</key>
			<string>6DE292E45C7F019399CE31A3667E8810</string>
			<key>isa</key>
			<string>PBXBuildFile</string>
			<key>settings</key>
			<dict>
				<key>ATTRIBUTES</key>
				<array>
					<string>Public</string>
				</array>
			</dict>
		</dict>
		<key>AE857CE25CA277205DF91676C179BD23</key>
		<dict>
			<key>includeInIndex</key>
			<string>1</string>
			<key>isa</key>
			<string>PBXFileReference</string>
			<key>lastKnownFileType</key>
			<string>sourcecode.c.objc</string>
			<key>name</key>
			<string>AFURLResponseSerialization.m</string>
			<key>path</key>
			<string>AFNetworking/AFURLResponseSerialization.m</string>
			<key>sourceTree</key>
			<string>&lt;group&gt;</string>
		</dict>
		<key>AEE1E97073EE002D6DD039421FC59FDF</key>
		<dict>
			<key>includeInIndex</key>
			<string>1</string>
			<key>isa</key>
			<string>PBXFileReference</string>
			<key>lastKnownFileType</key>
			<string>text.xcconfig</string>
			<key>path</key>
			<string>BDBOAuth1Manager.xcconfig</string>
			<key>sourceTree</key>
			<string>&lt;group&gt;</string>
		</dict>
		<key>AF03C11A1FAC8132AD3749D8F541701A</key>
		<dict>
			<key>fileRef</key>
			<string>05CD4A0DBAC072CE319C82D447F7EFEC</string>
			<key>isa</key>
			<string>PBXBuildFile</string>
		</dict>
		<key>B0235A9D964DCAC40EB3D794D6BC3C42</key>
		<dict>
			<key>buildActionMask</key>
			<string>2147483647</string>
			<key>files</key>
			<array>
				<string>97C66DA139490A24870AEF4799DF07FC</string>
				<string>81A95371375472724F3288A2544A2F9F</string>
				<string>BEB4D78345E9BEEB9294DC29AEDFC4BF</string>
				<string>F3339F1818F85222BBC3905FD048FF6B</string>
				<string>868FD08F555DE94E860B89C896068AFA</string>
			</array>
			<key>isa</key>
			<string>PBXSourcesBuildPhase</string>
			<key>runOnlyForDeploymentPostprocessing</key>
			<string>0</string>
		</dict>
		<key>B5852322ADE88AAD56EE042B80BA81E4</key>
		<dict>
			<key>fileRef</key>
			<string>AE857CE25CA277205DF91676C179BD23</string>
			<key>isa</key>
			<string>PBXBuildFile</string>
		</dict>
		<key>BA057117C5CC8FBECECA94FE1761C9C4</key>
		<dict>
			<key>explicitFileType</key>
			<string>wrapper.framework</string>
			<key>includeInIndex</key>
			<string>0</string>
			<key>isa</key>
			<string>PBXFileReference</string>
			<key>name</key>
			<string>BDBOAuth1Manager.framework</string>
			<key>path</key>
			<string>BDBOAuth1Manager.framework</string>
			<key>sourceTree</key>
			<string>BUILT_PRODUCTS_DIR</string>
		</dict>
		<key>BA6428E9F66FD5A23C0A2E06ED26CD2F</key>
		<dict>
			<key>includeInIndex</key>
			<string>1</string>
			<key>isa</key>
			<string>PBXFileReference</string>
			<key>lastKnownFileType</key>
			<string>text</string>
			<key>name</key>
			<string>Podfile</string>
			<key>path</key>
			<string>../Podfile</string>
			<key>sourceTree</key>
			<string>SOURCE_ROOT</string>
			<key>xcLanguageSpecificationIdentifier</key>
			<string>xcode.lang.ruby</string>
		</dict>
		<key>BB9E31D4894B12C22E26BCC353E962BF</key>
		<dict>
			<key>includeInIndex</key>
			<string>1</string>
			<key>isa</key>
			<string>PBXFileReference</string>
			<key>lastKnownFileType</key>
			<string>sourcecode.c.h</string>
			<key>name</key>
			<string>BDBOAuth1SessionManager.h</string>
			<key>path</key>
			<string>BDBOAuth1Manager/BDBOAuth1SessionManager.h</string>
			<key>sourceTree</key>
			<string>&lt;group&gt;</string>
		</dict>
		<key>BEB4D78345E9BEEB9294DC29AEDFC4BF</key>
		<dict>
			<key>fileRef</key>
			<string>4EBD99651073D458E29E7D94570B7911</string>
			<key>isa</key>
			<string>PBXBuildFile</string>
		</dict>
		<key>BFEDB68F354913C4E77D54F34180D37B</key>
		<dict>
			<key>includeInIndex</key>
			<string>1</string>
			<key>isa</key>
			<string>PBXFileReference</string>
			<key>lastKnownFileType</key>
			<string>sourcecode.c.objc</string>
			<key>name</key>
			<string>UIProgressView+AFNetworking.m</string>
			<key>path</key>
			<string>UIKit+AFNetworking/UIProgressView+AFNetworking.m</string>
			<key>sourceTree</key>
			<string>&lt;group&gt;</string>
		</dict>
		<key>C01AC3BAD9037A8A1E45FD17336C15F3</key>
		<dict>
			<key>fileRef</key>
			<string>1DE5F6E2155E6D6A03A95898A65E8701</string>
			<key>isa</key>
			<string>PBXBuildFile</string>
		</dict>
		<key>C151364F15F39F7CC60CBF9A3AB49B44</key>
		<dict>
			<key>buildActionMask</key>
			<string>2147483647</string>
			<key>files</key>
			<array>
				<string>7E6A4EFA32969CDB9F9C57903152BA54</string>
				<string>7F17EA5E2787B6F2BBB359854B42A0E3</string>
				<string>D04B84B53456B9CD8A7236126075571B</string>
				<string>C01AC3BAD9037A8A1E45FD17336C15F3</string>
				<string>3A10EF6ABF51D1D00B06AC5EF3A8C28C</string>
			</array>
			<key>isa</key>
			<string>PBXFrameworksBuildPhase</string>
			<key>runOnlyForDeploymentPostprocessing</key>
			<string>0</string>
		</dict>
		<key>C2DD28375E1F0B1D0D1D2E4E607C499F</key>
		<dict>
			<key>fileRef</key>
			<string>289EF5ECBCC7001F5C21C79E2FF0E40D</string>
			<key>isa</key>
			<string>PBXBuildFile</string>
			<key>settings</key>
			<dict>
				<key>ATTRIBUTES</key>
				<array>
					<string>Public</string>
				</array>
			</dict>
		</dict>
		<key>C3E72B5E8B69B3CEFAA238A0BE9F69E2</key>
		<dict>
			<key>includeInIndex</key>
			<string>1</string>
			<key>isa</key>
			<string>PBXFileReference</string>
			<key>lastKnownFileType</key>
			<string>text.plist.xml</string>
			<key>path</key>
			<string>Pods-FordhamMuseum-acknowledgements.plist</string>
			<key>sourceTree</key>
			<string>&lt;group&gt;</string>
		</dict>
		<key>C5A18280E9321A9268D1C80B7DA43967</key>
		<dict>
			<key>buildSettings</key>
			<dict>
				<key>ALWAYS_SEARCH_USER_PATHS</key>
				<string>NO</string>
				<key>CLANG_CXX_LANGUAGE_STANDARD</key>
				<string>gnu++0x</string>
				<key>CLANG_CXX_LIBRARY</key>
				<string>libc++</string>
				<key>CLANG_ENABLE_MODULES</key>
				<string>YES</string>
				<key>CLANG_ENABLE_OBJC_ARC</key>
				<string>YES</string>
				<key>CLANG_WARN_BOOL_CONVERSION</key>
				<string>YES</string>
				<key>CLANG_WARN_CONSTANT_CONVERSION</key>
				<string>YES</string>
				<key>CLANG_WARN_DIRECT_OBJC_ISA_USAGE</key>
				<string>YES</string>
				<key>CLANG_WARN_EMPTY_BODY</key>
				<string>YES</string>
				<key>CLANG_WARN_ENUM_CONVERSION</key>
				<string>YES</string>
				<key>CLANG_WARN_INT_CONVERSION</key>
				<string>YES</string>
				<key>CLANG_WARN_OBJC_ROOT_CLASS</key>
				<string>YES</string>
				<key>CLANG_WARN_UNREACHABLE_CODE</key>
				<string>YES</string>
				<key>CLANG_WARN__DUPLICATE_METHOD_MATCH</key>
				<string>YES</string>
				<key>COPY_PHASE_STRIP</key>
				<string>YES</string>
				<key>ENABLE_NS_ASSERTIONS</key>
				<string>NO</string>
				<key>GCC_C_LANGUAGE_STANDARD</key>
				<string>gnu99</string>
				<key>GCC_PREPROCESSOR_DEFINITIONS</key>
				<array>
					<string>RELEASE=1</string>
				</array>
				<key>GCC_WARN_64_TO_32_BIT_CONVERSION</key>
				<string>YES</string>
				<key>GCC_WARN_ABOUT_RETURN_TYPE</key>
				<string>YES</string>
				<key>GCC_WARN_UNDECLARED_SELECTOR</key>
				<string>YES</string>
				<key>GCC_WARN_UNINITIALIZED_AUTOS</key>
				<string>YES</string>
				<key>GCC_WARN_UNUSED_FUNCTION</key>
				<string>YES</string>
				<key>GCC_WARN_UNUSED_VARIABLE</key>
				<string>YES</string>
				<key>IPHONEOS_DEPLOYMENT_TARGET</key>
				<string>9.2</string>
				<key>STRIP_INSTALLED_PRODUCT</key>
				<string>NO</string>
				<key>SYMROOT</key>
				<string>${SRCROOT}/../build</string>
				<key>VALIDATE_PRODUCT</key>
				<string>YES</string>
			</dict>
			<key>isa</key>
			<string>XCBuildConfiguration</string>
			<key>name</key>
			<string>Release</string>
		</dict>
		<key>C6354FEC7728A4C86DAD8092509BA7D4</key>
		<dict>
			<key>fileRef</key>
			<string>71366D4703DE4C62491941A8FCEB88EE</string>
			<key>isa</key>
			<string>PBXBuildFile</string>
			<key>settings</key>
			<dict>
				<key>ATTRIBUTES</key>
				<array>
					<string>Public</string>
				</array>
			</dict>
		</dict>
		<key>C77E4E130CE3B6C45A1FBCA981EE5BBD</key>
		<dict>
			<key>buildConfigurationList</key>
			<string>A7665D1A9037035AECDE8D41696BF1CD</string>
			<key>buildPhases</key>
			<array>
				<string>76CF54053973E02E298CC948FAA3AE78</string>
				<string>4F462090059723360CDE23154DB2DEED</string>
				<string>90DC6406EFA2AB94F6A7EC4C0B899396</string>
			</array>
			<key>buildRules</key>
			<array/>
			<key>dependencies</key>
			<array>
				<string>7FAA48C597D7EA701033A3675197C0FB</string>
				<string>52F3290F31921DC464F39C80AC425D5C</string>
			</array>
			<key>isa</key>
			<string>PBXNativeTarget</string>
			<key>name</key>
			<string>Pods-FordhamMuseum</string>
			<key>productName</key>
			<string>Pods-FordhamMuseum</string>
			<key>productReference</key>
			<string>7E2152007C0359AAF132B24B85E9C371</string>
			<key>productType</key>
			<string>com.apple.product-type.framework</string>
		</dict>
		<key>CA57A501C9F2A07F26787872CAC799A9</key>
		<dict>
			<key>baseConfigurationReference</key>
			<string>AEE1E97073EE002D6DD039421FC59FDF</string>
			<key>buildSettings</key>
			<dict>
				<key>CODE_SIGN_IDENTITY[sdk=iphoneos*]</key>
				<string>iPhone Developer</string>
				<key>CURRENT_PROJECT_VERSION</key>
				<string>1</string>
				<key>DEFINES_MODULE</key>
				<string>YES</string>
				<key>DYLIB_COMPATIBILITY_VERSION</key>
				<string>1</string>
				<key>DYLIB_CURRENT_VERSION</key>
				<string>1</string>
				<key>DYLIB_INSTALL_NAME_BASE</key>
				<string>@rpath</string>
				<key>ENABLE_STRICT_OBJC_MSGSEND</key>
				<string>YES</string>
				<key>GCC_PREFIX_HEADER</key>
				<string>Target Support Files/BDBOAuth1Manager/BDBOAuth1Manager-prefix.pch</string>
				<key>INFOPLIST_FILE</key>
				<string>Target Support Files/BDBOAuth1Manager/Info.plist</string>
				<key>INSTALL_PATH</key>
				<string>$(LOCAL_LIBRARY_DIR)/Frameworks</string>
				<key>IPHONEOS_DEPLOYMENT_TARGET</key>
				<string>9.2</string>
				<key>LD_RUNPATH_SEARCH_PATHS</key>
				<array>
					<string>$(inherited)</string>
					<string>@executable_path/Frameworks</string>
					<string>@loader_path/Frameworks</string>
				</array>
				<key>MODULEMAP_FILE</key>
				<string>Target Support Files/BDBOAuth1Manager/BDBOAuth1Manager.modulemap</string>
				<key>MTL_ENABLE_DEBUG_INFO</key>
				<string>YES</string>
				<key>PRODUCT_NAME</key>
				<string>BDBOAuth1Manager</string>
				<key>SDKROOT</key>
				<string>iphoneos</string>
				<key>SKIP_INSTALL</key>
				<string>YES</string>
				<key>TARGETED_DEVICE_FAMILY</key>
				<string>1,2</string>
				<key>VERSIONING_SYSTEM</key>
				<string>apple-generic</string>
				<key>VERSION_INFO_PREFIX</key>
				<string></string>
			</dict>
			<key>isa</key>
			<string>XCBuildConfiguration</string>
			<key>name</key>
			<string>Debug</string>
		</dict>
		<key>CAC483EF637FB4A2C2E2FC75BA631B87</key>
		<dict>
			<key>fileRef</key>
			<string>7AFBBF51D71219C5735686F7908DFDF7</string>
			<key>isa</key>
			<string>PBXBuildFile</string>
			<key>settings</key>
			<dict>
				<key>ATTRIBUTES</key>
				<array>
					<string>Public</string>
				</array>
			</dict>
		</dict>
		<key>CB066435F9D153C95E63762C465E745D</key>
		<dict>
			<key>includeInIndex</key>
			<string>1</string>
			<key>isa</key>
			<string>PBXFileReference</string>
			<key>lastKnownFileType</key>
			<string>sourcecode.c.h</string>
			<key>name</key>
			<string>UIImage+AFNetworking.h</string>
			<key>path</key>
			<string>UIKit+AFNetworking/UIImage+AFNetworking.h</string>
			<key>sourceTree</key>
			<string>&lt;group&gt;</string>
		</dict>
		<key>CB571B03CDF230638AB44D9900497E78</key>
		<dict>
			<key>includeInIndex</key>
			<string>1</string>
			<key>isa</key>
			<string>PBXFileReference</string>
			<key>lastKnownFileType</key>
			<string>sourcecode.c.objc</string>
			<key>name</key>
			<string>AFHTTPSessionManager.m</string>
			<key>path</key>
			<string>AFNetworking/AFHTTPSessionManager.m</string>
			<key>sourceTree</key>
			<string>&lt;group&gt;</string>
		</dict>
		<key>CD41296F0C0ED0648AE87E3A910F9387</key>
		<dict>
			<key>fileRef</key>
			<string>5461D992F0D803F0F05DF72B2849301D</string>
			<key>isa</key>
			<string>PBXBuildFile</string>
		</dict>
		<key>CDB62A0428C98D9CF00996413FDDC449</key>
		<dict>
			<key>fileRef</key>
			<string>D5E75F3372A055B3EE897EBBC3BA0F88</string>
			<key>isa</key>
			<string>PBXBuildFile</string>
		</dict>
		<key>CFA8D6B529A0EBFF0316F2629AB2556E</key>
		<dict>
			<key>fileRef</key>
			<string>99EB969AC15705E41280F4901CA4BF45</string>
			<key>isa</key>
			<string>PBXBuildFile</string>
		</dict>
		<key>D004733D66FFB8BA426C1F55F077BF80</key>
		<dict>
			<key>fileRef</key>
			<string>45A6F4B1D9EEEE539A90F1691FFC2BDC</string>
			<key>isa</key>
			<string>PBXBuildFile</string>
			<key>settings</key>
			<dict>
				<key>ATTRIBUTES</key>
				<array>
					<string>Public</string>
				</array>
			</dict>
		</dict>
		<key>D04B84B53456B9CD8A7236126075571B</key>
		<dict>
			<key>fileRef</key>
			<string>9FEDBD143D256321E14E8E43091F7B46</string>
			<key>isa</key>
			<string>PBXBuildFile</string>
		</dict>
		<key>D41D8CD98F00B204E9800998ECF8427E</key>
		<dict>
			<key>attributes</key>
			<dict>
				<key>LastSwiftUpdateCheck</key>
				<string>0700</string>
				<key>LastUpgradeCheck</key>
				<string>0700</string>
			</dict>
			<key>buildConfigurationList</key>
			<string>2D8E8EC45A3A1A1D94AE762CB5028504</string>
			<key>compatibilityVersion</key>
			<string>Xcode 3.2</string>
			<key>developmentRegion</key>
			<string>English</string>
			<key>hasScannedForEncodings</key>
			<string>0</string>
			<key>isa</key>
			<string>PBXProject</string>
			<key>knownRegions</key>
			<array>
				<string>en</string>
			</array>
			<key>mainGroup</key>
			<string>7DB346D0F39D3F0E887471402A8071AB</string>
			<key>productRefGroup</key>
			<string>A4C03BB0DFA372BB77FAC0F24371220B</string>
			<key>projectDirPath</key>
			<string></string>
			<key>projectReferences</key>
			<array/>
			<key>projectRoot</key>
			<string></string>
			<key>targets</key>
			<array>
				<string>1C3436CEA5C3D39764C5F54374794ECB</string>
				<string>445B3D47256376A8FB06D383FDBEA0C4</string>
				<string>C77E4E130CE3B6C45A1FBCA981EE5BBD</string>
			</array>
		</dict>
		<key>D5E75F3372A055B3EE897EBBC3BA0F88</key>
		<dict>
			<key>isa</key>
			<string>PBXFileReference</string>
			<key>lastKnownFileType</key>
			<string>wrapper.framework</string>
			<key>name</key>
			<string>Foundation.framework</string>
			<key>path</key>
			<string>Platforms/iPhoneOS.platform/Developer/SDKs/iPhoneOS9.0.sdk/System/Library/Frameworks/Foundation.framework</string>
			<key>sourceTree</key>
			<string>DEVELOPER_DIR</string>
		</dict>
		<key>D9F4E833E37B611B432F6B5D7072DDA2</key>
		<dict>
			<key>fileRef</key>
			<string>ECD2B7C018B9FF6978C8BF9D0E446B6A</string>
			<key>isa</key>
			<string>PBXBuildFile</string>
			<key>settings</key>
			<dict>
				<key>ATTRIBUTES</key>
				<array>
					<string>Public</string>
				</array>
			</dict>
		</dict>
		<key>DAA613927AB09BC5D089AD0442887677</key>
		<dict>
			<key>includeInIndex</key>
			<string>1</string>
			<key>isa</key>
			<string>PBXFileReference</string>
			<key>lastKnownFileType</key>
			<string>sourcecode.c.h</string>
			<key>path</key>
			<string>AFNetworking-umbrella.h</string>
			<key>sourceTree</key>
			<string>&lt;group&gt;</string>
		</dict>
		<key>DC05A516E931B944147440E10550B887</key>
		<dict>
			<key>buildActionMask</key>
			<string>2147483647</string>
			<key>files</key>
			<array>
				<string>CD41296F0C0ED0648AE87E3A910F9387</string>
				<string>CDB62A0428C98D9CF00996413FDDC449</string>
			</array>
			<key>isa</key>
			<string>PBXFrameworksBuildPhase</string>
			<key>runOnlyForDeploymentPostprocessing</key>
			<string>0</string>
		</dict>
		<key>DE134D3C76AB59BC6AE8AEEF5143878B</key>
		<dict>
			<key>includeInIndex</key>
			<string>1</string>
			<key>isa</key>
			<string>PBXFileReference</string>
			<key>lastKnownFileType</key>
			<string>text.plist.xml</string>
			<key>path</key>
			<string>Info.plist</string>
			<key>sourceTree</key>
			<string>&lt;group&gt;</string>
		</dict>
		<key>DFFA215EEAA8DDBD540076927535275C</key>
		<dict>
			<key>fileRef</key>
			<string>727A357CF37A00A6908763E2AA7D7702</string>
			<key>isa</key>
			<string>PBXBuildFile</string>
		</dict>
		<key>E0D4045AC4C1B41917FCA23A042D18B2</key>
		<dict>
			<key>fileRef</key>
			<string>CB571B03CDF230638AB44D9900497E78</string>
			<key>isa</key>
			<string>PBXBuildFile</string>
		</dict>
		<key>E4EA9C3A46B66668FC02E48B9002732A</key>
		<dict>
			<key>includeInIndex</key>
			<string>1</string>
			<key>isa</key>
			<string>PBXFileReference</string>
			<key>lastKnownFileType</key>
			<string>sourcecode.c.h</string>
			<key>name</key>
			<string>AFURLSessionManager.h</string>
			<key>path</key>
			<string>AFNetworking/AFURLSessionManager.h</string>
			<key>sourceTree</key>
			<string>&lt;group&gt;</string>
		</dict>
		<key>E632548731AB11F497EA0B533D86EC76</key>
		<dict>
			<key>includeInIndex</key>
			<string>1</string>
			<key>isa</key>
			<string>PBXFileReference</string>
			<key>lastKnownFileType</key>
			<string>sourcecode.c.objc</string>
			<key>name</key>
			<string>UIRefreshControl+AFNetworking.m</string>
			<key>path</key>
			<string>UIKit+AFNetworking/UIRefreshControl+AFNetworking.m</string>
			<key>sourceTree</key>
			<string>&lt;group&gt;</string>
		</dict>
		<key>E7988678C81F7CCB95D239375FC6986D</key>
		<dict>
			<key>fileRef</key>
			<string>9C3C57BD86C88619B91F25B517E5158C</string>
			<key>isa</key>
			<string>PBXBuildFile</string>
			<key>settings</key>
			<dict>
				<key>ATTRIBUTES</key>
				<array>
					<string>Public</string>
				</array>
			</dict>
		</dict>
		<key>EC7CADE416A78A1CD6936018A6695126</key>
		<dict>
			<key>fileRef</key>
			<string>DAA613927AB09BC5D089AD0442887677</string>
			<key>isa</key>
			<string>PBXBuildFile</string>
			<key>settings</key>
			<dict>
				<key>ATTRIBUTES</key>
				<array>
					<string>Public</string>
				</array>
			</dict>
		</dict>
		<key>ECD2B7C018B9FF6978C8BF9D0E446B6A</key>
		<dict>
			<key>includeInIndex</key>
			<string>1</string>
			<key>isa</key>
			<string>PBXFileReference</string>
			<key>lastKnownFileType</key>
			<string>sourcecode.c.h</string>
			<key>name</key>
			<string>UIProgressView+AFNetworking.h</string>
			<key>path</key>
			<string>UIKit+AFNetworking/UIProgressView+AFNetworking.h</string>
			<key>sourceTree</key>
			<string>&lt;group&gt;</string>
		</dict>
		<key>EFC8D1216166DE80CF4A6175E6193664</key>
		<dict>
			<key>children</key>
			<array>
				<string>5461D992F0D803F0F05DF72B2849301D</string>
				<string>A1994464F84177FD3A751754DCE744E0</string>
			</array>
			<key>isa</key>
			<string>PBXGroup</string>
			<key>name</key>
			<string>Frameworks</string>
			<key>sourceTree</key>
			<string>&lt;group&gt;</string>
		</dict>
		<key>F0FA3F54600DAA80BD03243A058DCCF2</key>
		<dict>
			<key>includeInIndex</key>
			<string>1</string>
			<key>isa</key>
			<string>PBXFileReference</string>
			<key>lastKnownFileType</key>
			<string>sourcecode.c.h</string>
			<key>name</key>
			<string>UIActivityIndicatorView+AFNetworking.h</string>
			<key>path</key>
			<string>UIKit+AFNetworking/UIActivityIndicatorView+AFNetworking.h</string>
			<key>sourceTree</key>
			<string>&lt;group&gt;</string>
		</dict>
		<key>F3339F1818F85222BBC3905FD048FF6B</key>
		<dict>
			<key>fileRef</key>
			<string>7DA29B66655EE767B7C32CEF4EF03B5B</string>
			<key>isa</key>
			<string>PBXBuildFile</string>
		</dict>
		<key>F6832746DB43FCCA5A5D12CD07962070</key>
		<dict>
			<key>children</key>
			<array>
				<string>A2E1E2AA987C1F4DA50BE44854FB2A54</string>
				<string>CB571B03CDF230638AB44D9900497E78</string>
				<string>E4EA9C3A46B66668FC02E48B9002732A</string>
				<string>AA568A0778B0A71A9917A0F461CC62A0</string>
			</array>
			<key>isa</key>
			<string>PBXGroup</string>
			<key>name</key>
			<string>NSURLSession</string>
			<key>sourceTree</key>
			<string>&lt;group&gt;</string>
		</dict>
		<key>F6994473710CDDA4E61E3E5160034298</key>
		<dict>
			<key>isa</key>
			<string>PBXFileReference</string>
			<key>lastKnownFileType</key>
			<string>wrapper.framework</string>
			<key>name</key>
			<string>CoreGraphics.framework</string>
			<key>path</key>
			<string>Platforms/iPhoneOS.platform/Developer/SDKs/iPhoneOS9.0.sdk/System/Library/Frameworks/CoreGraphics.framework</string>
			<key>sourceTree</key>
			<string>DEVELOPER_DIR</string>
		</dict>
		<key>F7B956DB1960024FA487DC272918DC88</key>
		<dict>
			<key>includeInIndex</key>
			<string>1</string>
			<key>isa</key>
			<string>PBXFileReference</string>
			<key>lastKnownFileType</key>
			<string>sourcecode.c.objc</string>
			<key>name</key>
			<string>BDBOAuth1RequestSerializer.m</string>
			<key>path</key>
			<string>BDBOAuth1Manager/BDBOAuth1RequestSerializer.m</string>
			<key>sourceTree</key>
			<string>&lt;group&gt;</string>
		</dict>
		<key>FA00F5ADD6C2F685A52988164E9D7FC7</key>
		<dict>
			<key>includeInIndex</key>
			<string>1</string>
			<key>isa</key>
			<string>PBXFileReference</string>
			<key>lastKnownFileType</key>
			<string>sourcecode.c.h</string>
			<key>name</key>
			<string>AFImageDownloader.h</string>
			<key>path</key>
			<string>UIKit+AFNetworking/AFImageDownloader.h</string>
			<key>sourceTree</key>
			<string>&lt;group&gt;</string>
		</dict>
		<key>FCE4C74B0751EED27D81B1E78BC36C87</key>
		<dict>
			<key>baseConfigurationReference</key>
			<string>5C858925FD97C370E41C7DCC43110B54</string>
			<key>buildSettings</key>
			<dict>
				<key>CODE_SIGN_IDENTITY[sdk=iphoneos*]</key>
				<string>iPhone Developer</string>
				<key>CURRENT_PROJECT_VERSION</key>
				<string>1</string>
				<key>DEFINES_MODULE</key>
				<string>YES</string>
				<key>DYLIB_COMPATIBILITY_VERSION</key>
				<string>1</string>
				<key>DYLIB_CURRENT_VERSION</key>
				<string>1</string>
				<key>DYLIB_INSTALL_NAME_BASE</key>
				<string>@rpath</string>
				<key>ENABLE_STRICT_OBJC_MSGSEND</key>
				<string>YES</string>
				<key>GCC_PREFIX_HEADER</key>
				<string>Target Support Files/AFNetworking/AFNetworking-prefix.pch</string>
				<key>INFOPLIST_FILE</key>
				<string>Target Support Files/AFNetworking/Info.plist</string>
				<key>INSTALL_PATH</key>
				<string>$(LOCAL_LIBRARY_DIR)/Frameworks</string>
				<key>IPHONEOS_DEPLOYMENT_TARGET</key>
				<string>9.2</string>
				<key>LD_RUNPATH_SEARCH_PATHS</key>
				<array>
					<string>$(inherited)</string>
					<string>@executable_path/Frameworks</string>
					<string>@loader_path/Frameworks</string>
				</array>
				<key>MODULEMAP_FILE</key>
				<string>Target Support Files/AFNetworking/AFNetworking.modulemap</string>
				<key>MTL_ENABLE_DEBUG_INFO</key>
				<string>YES</string>
				<key>PRODUCT_NAME</key>
				<string>AFNetworking</string>
				<key>SDKROOT</key>
				<string>iphoneos</string>
				<key>SKIP_INSTALL</key>
				<string>YES</string>
				<key>TARGETED_DEVICE_FAMILY</key>
				<string>1,2</string>
				<key>VERSIONING_SYSTEM</key>
				<string>apple-generic</string>
				<key>VERSION_INFO_PREFIX</key>
				<string></string>
			</dict>
			<key>isa</key>
			<string>XCBuildConfiguration</string>
			<key>name</key>
			<string>Debug</string>
		</dict>
		<key>FDE8D78C2583926B942BEF1C90A6F795</key>
		<dict>
			<key>containerPortal</key>
			<string>D41D8CD98F00B204E9800998ECF8427E</string>
			<key>isa</key>
			<string>PBXContainerItemProxy</string>
			<key>proxyType</key>
			<string>1</string>
			<key>remoteGlobalIDString</key>
			<string>1C3436CEA5C3D39764C5F54374794ECB</string>
			<key>remoteInfo</key>
			<string>AFNetworking</string>
		</dict>
		<key>FDEEC6002098F644A61A84D51C7AFBE4</key>
		<dict>
			<key>includeInIndex</key>
			<string>1</string>
			<key>isa</key>
			<string>PBXFileReference</string>
			<key>lastKnownFileType</key>
			<string>sourcecode.c.objc</string>
			<key>name</key>
			<string>AFAutoPurgingImageCache.m</string>
			<key>path</key>
			<string>UIKit+AFNetworking/AFAutoPurgingImageCache.m</string>
			<key>sourceTree</key>
			<string>&lt;group&gt;</string>
		</dict>
	</dict>
	<key>rootObject</key>
	<string>D41D8CD98F00B204E9800998ECF8427E</string>
</dict>
</plist>
